// !$*UTF8*$!
{
	archiveVersion = 1;
	classes = {
	};
	objectVersion = 46;
	objects = {

/* Begin PBXBuildFile section */
		66E071A51B3F29FD00DA4810 /* RequestTableViewController.swift in Sources */ = {isa = PBXBuildFile; fileRef = 66E071A41B3F29FD00DA4810 /* RequestTableViewController.swift */; };
		AA3CC98B1B3F5462004FDE6B /* AudioToolbox.framework in Frameworks */ = {isa = PBXBuildFile; fileRef = AA3CC98A1B3F5462004FDE6B /* AudioToolbox.framework */; };
		AA3CC98D1B3F546A004FDE6B /* CFNetwork.framework in Frameworks */ = {isa = PBXBuildFile; fileRef = AA3CC98C1B3F546A004FDE6B /* CFNetwork.framework */; };
		AA3CC98F1B3F546E004FDE6B /* CoreGraphics.framework in Frameworks */ = {isa = PBXBuildFile; fileRef = AA3CC98E1B3F546E004FDE6B /* CoreGraphics.framework */; };
		AA3CC9911B3F5475004FDE6B /* CoreLocation.framework in Frameworks */ = {isa = PBXBuildFile; fileRef = AA3CC9901B3F5475004FDE6B /* CoreLocation.framework */; };
		AA3CC9931B3F547B004FDE6B /* MobileCoreServices.framework in Frameworks */ = {isa = PBXBuildFile; fileRef = AA3CC9921B3F547B004FDE6B /* MobileCoreServices.framework */; };
		AA3CC9951B3F5480004FDE6B /* QuartzCore.framework in Frameworks */ = {isa = PBXBuildFile; fileRef = AA3CC9941B3F5480004FDE6B /* QuartzCore.framework */; };
		AA3CC9971B3F5486004FDE6B /* Security.framework in Frameworks */ = {isa = PBXBuildFile; fileRef = AA3CC9961B3F5486004FDE6B /* Security.framework */; };
		AA3CC99B1B3F5493004FDE6B /* SystemConfiguration.framework in Frameworks */ = {isa = PBXBuildFile; fileRef = AA3CC99A1B3F5493004FDE6B /* SystemConfiguration.framework */; };
		AA3CC99D1B3F5498004FDE6B /* libz.dylib in Frameworks */ = {isa = PBXBuildFile; fileRef = AA3CC99C1B3F5498004FDE6B /* libz.dylib */; };
		AA3CC99F1B3F54A0004FDE6B /* libsqlite3.dylib in Frameworks */ = {isa = PBXBuildFile; fileRef = AA3CC99E1B3F54A0004FDE6B /* libsqlite3.dylib */; };
		AA3CC9A11B3F54A9004FDE6B /* Social.framework in Frameworks */ = {isa = PBXBuildFile; fileRef = AA3CC9A01B3F54A9004FDE6B /* Social.framework */; };
		AA3CC9A31B3F54AE004FDE6B /* Accounts.framework in Frameworks */ = {isa = PBXBuildFile; fileRef = AA3CC9A21B3F54AE004FDE6B /* Accounts.framework */; };
		AA3CC9AB1B3F54DF004FDE6B /* Bolts.framework in Frameworks */ = {isa = PBXBuildFile; fileRef = AA3CC9A51B3F54DF004FDE6B /* Bolts.framework */; };
		AA3CC9AC1B3F54DF004FDE6B /* Parse.framework in Frameworks */ = {isa = PBXBuildFile; fileRef = AA3CC9A61B3F54DF004FDE6B /* Parse.framework */; };
		AA3CC9AD1B3F54DF004FDE6B /* ParseCrashReporting.framework in Frameworks */ = {isa = PBXBuildFile; fileRef = AA3CC9A71B3F54DF004FDE6B /* ParseCrashReporting.framework */; };
		AA3CC9AE1B3F54DF004FDE6B /* ParseFacebookUtils.framework in Frameworks */ = {isa = PBXBuildFile; fileRef = AA3CC9A81B3F54DF004FDE6B /* ParseFacebookUtils.framework */; };
		AA3CC9AF1B3F54DF004FDE6B /* ParseFacebookUtilsV4.framework in Frameworks */ = {isa = PBXBuildFile; fileRef = AA3CC9A91B3F54DF004FDE6B /* ParseFacebookUtilsV4.framework */; };
		AA3CC9B01B3F54DF004FDE6B /* ParseUI.framework in Frameworks */ = {isa = PBXBuildFile; fileRef = AA3CC9AA1B3F54DF004FDE6B /* ParseUI.framework */; };
		AAE8D1A51B3F64C300CEA43C /* Tour.swift in Sources */ = {isa = PBXBuildFile; fileRef = AAE8D1A41B3F64C300CEA43C /* Tour.swift */; };
		C702FB7A1B3EE3DB00137B55 /* AppDelegate.swift in Sources */ = {isa = PBXBuildFile; fileRef = C702FB791B3EE3DB00137B55 /* AppDelegate.swift */; };
		C702FB7F1B3EE3DB00137B55 /* Main.storyboard in Resources */ = {isa = PBXBuildFile; fileRef = C702FB7D1B3EE3DB00137B55 /* Main.storyboard */; };
		C702FB811B3EE3DB00137B55 /* Images.xcassets in Resources */ = {isa = PBXBuildFile; fileRef = C702FB801B3EE3DB00137B55 /* Images.xcassets */; };
		C702FB841B3EE3DB00137B55 /* LaunchScreen.xib in Resources */ = {isa = PBXBuildFile; fileRef = C702FB821B3EE3DB00137B55 /* LaunchScreen.xib */; };
		C702FB901B3EE3DB00137B55 /* welcome_guideTests.swift in Sources */ = {isa = PBXBuildFile; fileRef = C702FB8F1B3EE3DB00137B55 /* welcome_guideTests.swift */; };
		C792F88E1B3EE91000A6316F /* GuideProfilViewController.swift in Sources */ = {isa = PBXBuildFile; fileRef = C792F88D1B3EE91000A6316F /* GuideProfilViewController.swift */; };
		C7BBD5C21B3F625500AA4CFC /* Request.swift in Sources */ = {isa = PBXBuildFile; fileRef = C7BBD5C11B3F625500AA4CFC /* Request.swift */; };
		C7BBD5C61B3F6AAC00AA4CFC /* ConversationTableViewController.swift in Sources */ = {isa = PBXBuildFile; fileRef = C7BBD5C51B3F6AAC00AA4CFC /* ConversationTableViewController.swift */; };
		C7BBD5C81B3F729B00AA4CFC /* ProfileTableViewController.swift in Sources */ = {isa = PBXBuildFile; fileRef = C7BBD5C71B3F729B00AA4CFC /* ProfileTableViewController.swift */; };
		C7D57FB71B3FDAC600377C9B /* JSQMessagesAssets.bundle in Resources */ = {isa = PBXBuildFile; fileRef = C7D57F5B1B3FDAC600377C9B /* JSQMessagesAssets.bundle */; };
		C7D57FB81B3FDAC600377C9B /* JSQSystemSoundPlayer+JSQMessages.m in Sources */ = {isa = PBXBuildFile; fileRef = C7D57F5E1B3FDAC600377C9B /* JSQSystemSoundPlayer+JSQMessages.m */; };
		C7D57FB91B3FDAC600377C9B /* NSBundle+JSQMessages.m in Sources */ = {isa = PBXBuildFile; fileRef = C7D57F601B3FDAC600377C9B /* NSBundle+JSQMessages.m */; };
		C7D57FBA1B3FDAC600377C9B /* NSString+JSQMessages.m in Sources */ = {isa = PBXBuildFile; fileRef = C7D57F621B3FDAC600377C9B /* NSString+JSQMessages.m */; };
		C7D57FBB1B3FDAC600377C9B /* UIColor+JSQMessages.m in Sources */ = {isa = PBXBuildFile; fileRef = C7D57F641B3FDAC600377C9B /* UIColor+JSQMessages.m */; };
		C7D57FBC1B3FDAC600377C9B /* UIDevice+JSQMessages.m in Sources */ = {isa = PBXBuildFile; fileRef = C7D57F661B3FDAC600377C9B /* UIDevice+JSQMessages.m */; };
		C7D57FBD1B3FDAC600377C9B /* UIImage+JSQMessages.m in Sources */ = {isa = PBXBuildFile; fileRef = C7D57F681B3FDAC600377C9B /* UIImage+JSQMessages.m */; };
		C7D57FBE1B3FDAC600377C9B /* UIView+JSQMessages.m in Sources */ = {isa = PBXBuildFile; fileRef = C7D57F6A1B3FDAC600377C9B /* UIView+JSQMessages.m */; };
		C7D57FBF1B3FDAC600377C9B /* JSQMessagesKeyboardController.m in Sources */ = {isa = PBXBuildFile; fileRef = C7D57F6D1B3FDAC600377C9B /* JSQMessagesKeyboardController.m */; };
		C7D57FC01B3FDAC600377C9B /* JSQMessagesViewController.m in Sources */ = {isa = PBXBuildFile; fileRef = C7D57F6F1B3FDAC600377C9B /* JSQMessagesViewController.m */; };
		C7D57FC11B3FDAC600377C9B /* JSQMessagesViewController.xib in Resources */ = {isa = PBXBuildFile; fileRef = C7D57F701B3FDAC600377C9B /* JSQMessagesViewController.xib */; };
		C7D57FC21B3FDAC600377C9B /* JSQMessagesAvatarImageFactory.m in Sources */ = {isa = PBXBuildFile; fileRef = C7D57F731B3FDAC600377C9B /* JSQMessagesAvatarImageFactory.m */; };
		C7D57FC31B3FDAC600377C9B /* JSQMessagesBubbleImageFactory.m in Sources */ = {isa = PBXBuildFile; fileRef = C7D57F751B3FDAC600377C9B /* JSQMessagesBubbleImageFactory.m */; };
		C7D57FC41B3FDAC600377C9B /* JSQMessagesMediaViewBubbleImageMasker.m in Sources */ = {isa = PBXBuildFile; fileRef = C7D57F771B3FDAC600377C9B /* JSQMessagesMediaViewBubbleImageMasker.m */; };
		C7D57FC51B3FDAC600377C9B /* JSQMessagesTimestampFormatter.m in Sources */ = {isa = PBXBuildFile; fileRef = C7D57F791B3FDAC600377C9B /* JSQMessagesTimestampFormatter.m */; };
		C7D57FC61B3FDAC600377C9B /* JSQMessagesToolbarButtonFactory.m in Sources */ = {isa = PBXBuildFile; fileRef = C7D57F7B1B3FDAC600377C9B /* JSQMessagesToolbarButtonFactory.m */; };
		C7D57FC71B3FDAC600377C9B /* JSQMessagesCollectionViewFlowLayout.m in Sources */ = {isa = PBXBuildFile; fileRef = C7D57F7F1B3FDAC600377C9B /* JSQMessagesCollectionViewFlowLayout.m */; };
		C7D57FC81B3FDAC600377C9B /* JSQMessagesCollectionViewFlowLayoutInvalidationContext.m in Sources */ = {isa = PBXBuildFile; fileRef = C7D57F811B3FDAC600377C9B /* JSQMessagesCollectionViewFlowLayoutInvalidationContext.m */; };
		C7D57FC91B3FDAC600377C9B /* JSQMessagesCollectionViewLayoutAttributes.m in Sources */ = {isa = PBXBuildFile; fileRef = C7D57F831B3FDAC600377C9B /* JSQMessagesCollectionViewLayoutAttributes.m */; };
		C7D57FCA1B3FDAC600377C9B /* JSQLocationMediaItem.m in Sources */ = {isa = PBXBuildFile; fileRef = C7D57F861B3FDAC600377C9B /* JSQLocationMediaItem.m */; };
		C7D57FCB1B3FDAC600377C9B /* JSQMediaItem.m in Sources */ = {isa = PBXBuildFile; fileRef = C7D57F881B3FDAC600377C9B /* JSQMediaItem.m */; };
		C7D57FCC1B3FDAC600377C9B /* JSQMessage.m in Sources */ = {isa = PBXBuildFile; fileRef = C7D57F8A1B3FDAC600377C9B /* JSQMessage.m */; };
		C7D57FCD1B3FDAC600377C9B /* JSQMessagesAvatarImage.m in Sources */ = {isa = PBXBuildFile; fileRef = C7D57F901B3FDAC600377C9B /* JSQMessagesAvatarImage.m */; };
		C7D57FCE1B3FDAC600377C9B /* JSQMessagesBubbleImage.m in Sources */ = {isa = PBXBuildFile; fileRef = C7D57F921B3FDAC600377C9B /* JSQMessagesBubbleImage.m */; };
		C7D57FCF1B3FDAC600377C9B /* JSQPhotoMediaItem.m in Sources */ = {isa = PBXBuildFile; fileRef = C7D57F961B3FDAC600377C9B /* JSQPhotoMediaItem.m */; };
		C7D57FD01B3FDAC600377C9B /* JSQVideoMediaItem.m in Sources */ = {isa = PBXBuildFile; fileRef = C7D57F981B3FDAC600377C9B /* JSQVideoMediaItem.m */; };
		C7D57FD11B3FDAC600377C9B /* JSQMessagesCellTextView.m in Sources */ = {isa = PBXBuildFile; fileRef = C7D57F9B1B3FDAC600377C9B /* JSQMessagesCellTextView.m */; };
		C7D57FD21B3FDAC600377C9B /* JSQMessagesCollectionView.m in Sources */ = {isa = PBXBuildFile; fileRef = C7D57F9D1B3FDAC600377C9B /* JSQMessagesCollectionView.m */; };
		C7D57FD31B3FDAC600377C9B /* JSQMessagesCollectionViewCell.m in Sources */ = {isa = PBXBuildFile; fileRef = C7D57F9F1B3FDAC600377C9B /* JSQMessagesCollectionViewCell.m */; };
		C7D57FD41B3FDAC600377C9B /* JSQMessagesCollectionViewCellIncoming.m in Sources */ = {isa = PBXBuildFile; fileRef = C7D57FA11B3FDAC600377C9B /* JSQMessagesCollectionViewCellIncoming.m */; };
		C7D57FD51B3FDAC600377C9B /* JSQMessagesCollectionViewCellIncoming.xib in Resources */ = {isa = PBXBuildFile; fileRef = C7D57FA21B3FDAC600377C9B /* JSQMessagesCollectionViewCellIncoming.xib */; };
		C7D57FD61B3FDAC600377C9B /* JSQMessagesCollectionViewCellOutgoing.m in Sources */ = {isa = PBXBuildFile; fileRef = C7D57FA41B3FDAC600377C9B /* JSQMessagesCollectionViewCellOutgoing.m */; };
		C7D57FD71B3FDAC600377C9B /* JSQMessagesCollectionViewCellOutgoing.xib in Resources */ = {isa = PBXBuildFile; fileRef = C7D57FA51B3FDAC600377C9B /* JSQMessagesCollectionViewCellOutgoing.xib */; };
		C7D57FD81B3FDAC600377C9B /* JSQMessagesComposerTextView.m in Sources */ = {isa = PBXBuildFile; fileRef = C7D57FA71B3FDAC600377C9B /* JSQMessagesComposerTextView.m */; };
		C7D57FD91B3FDAC600377C9B /* JSQMessagesInputToolbar.m in Sources */ = {isa = PBXBuildFile; fileRef = C7D57FA91B3FDAC600377C9B /* JSQMessagesInputToolbar.m */; };
		C7D57FDA1B3FDAC600377C9B /* JSQMessagesLabel.m in Sources */ = {isa = PBXBuildFile; fileRef = C7D57FAB1B3FDAC600377C9B /* JSQMessagesLabel.m */; };
		C7D57FDB1B3FDAC600377C9B /* JSQMessagesLoadEarlierHeaderView.m in Sources */ = {isa = PBXBuildFile; fileRef = C7D57FAD1B3FDAC600377C9B /* JSQMessagesLoadEarlierHeaderView.m */; };
		C7D57FDC1B3FDAC600377C9B /* JSQMessagesLoadEarlierHeaderView.xib in Resources */ = {isa = PBXBuildFile; fileRef = C7D57FAE1B3FDAC600377C9B /* JSQMessagesLoadEarlierHeaderView.xib */; };
		C7D57FDD1B3FDAC600377C9B /* JSQMessagesMediaPlaceholderView.m in Sources */ = {isa = PBXBuildFile; fileRef = C7D57FB01B3FDAC600377C9B /* JSQMessagesMediaPlaceholderView.m */; };
		C7D57FDE1B3FDAC600377C9B /* JSQMessagesToolbarContentView.m in Sources */ = {isa = PBXBuildFile; fileRef = C7D57FB21B3FDAC600377C9B /* JSQMessagesToolbarContentView.m */; };
		C7D57FDF1B3FDAC600377C9B /* JSQMessagesToolbarContentView.xib in Resources */ = {isa = PBXBuildFile; fileRef = C7D57FB31B3FDAC600377C9B /* JSQMessagesToolbarContentView.xib */; };
		C7D57FE01B3FDAC600377C9B /* JSQMessagesTypingIndicatorFooterView.m in Sources */ = {isa = PBXBuildFile; fileRef = C7D57FB51B3FDAC600377C9B /* JSQMessagesTypingIndicatorFooterView.m */; };
		C7D57FE11B3FDAC600377C9B /* JSQMessagesTypingIndicatorFooterView.xib in Resources */ = {isa = PBXBuildFile; fileRef = C7D57FB61B3FDAC600377C9B /* JSQMessagesTypingIndicatorFooterView.xib */; };
		C7D57FE51B3FDAFA00377C9B /* JSQSystemSoundPlayer.m in Sources */ = {isa = PBXBuildFile; fileRef = C7D57FE41B3FDAFA00377C9B /* JSQSystemSoundPlayer.m */; };
		C7D57FE71B3FDC7A00377C9B /* ChatViewController.swift in Sources */ = {isa = PBXBuildFile; fileRef = C7D57FE61B3FDC7A00377C9B /* ChatViewController.swift */; };
		C7D580071B3FE1B400377C9B /* Bond+Arrays.swift in Sources */ = {isa = PBXBuildFile; fileRef = C7D57FE91B3FE1B400377C9B /* Bond+Arrays.swift */; };
		C7D580081B3FE1B400377C9B /* Bond+CALayer.swift in Sources */ = {isa = PBXBuildFile; fileRef = C7D57FEA1B3FE1B400377C9B /* Bond+CALayer.swift */; };
		C7D580091B3FE1B400377C9B /* Bond+Foundation.swift in Sources */ = {isa = PBXBuildFile; fileRef = C7D57FEB1B3FE1B400377C9B /* Bond+Foundation.swift */; };
		C7D5800A1B3FE1B400377C9B /* Bond+Functional.swift in Sources */ = {isa = PBXBuildFile; fileRef = C7D57FEC1B3FE1B400377C9B /* Bond+Functional.swift */; };
		C7D580131B3FE1B400377C9B /* Bond+Operators.swift in Sources */ = {isa = PBXBuildFile; fileRef = C7D57FF51B3FE1B400377C9B /* Bond+Operators.swift */; };
		C7D580141B3FE1B400377C9B /* Bond+UIActivityIndicatorView.swift in Sources */ = {isa = PBXBuildFile; fileRef = C7D57FF61B3FE1B400377C9B /* Bond+UIActivityIndicatorView.swift */; };
		C7D580151B3FE1B400377C9B /* Bond+UIBarItem.swift in Sources */ = {isa = PBXBuildFile; fileRef = C7D57FF71B3FE1B400377C9B /* Bond+UIBarItem.swift */; };
		C7D580161B3FE1B400377C9B /* Bond+UIButton.swift in Sources */ = {isa = PBXBuildFile; fileRef = C7D57FF81B3FE1B400377C9B /* Bond+UIButton.swift */; };
		C7D580171B3FE1B400377C9B /* Bond+UICollectionView.swift in Sources */ = {isa = PBXBuildFile; fileRef = C7D57FF91B3FE1B400377C9B /* Bond+UICollectionView.swift */; };
		C7D580181B3FE1B400377C9B /* Bond+UIDatePicker.swift in Sources */ = {isa = PBXBuildFile; fileRef = C7D57FFA1B3FE1B400377C9B /* Bond+UIDatePicker.swift */; };
		C7D580191B3FE1B400377C9B /* Bond+UIImageView.swift in Sources */ = {isa = PBXBuildFile; fileRef = C7D57FFB1B3FE1B400377C9B /* Bond+UIImageView.swift */; };
		C7D5801A1B3FE1B400377C9B /* Bond+UILabel.swift in Sources */ = {isa = PBXBuildFile; fileRef = C7D57FFC1B3FE1B400377C9B /* Bond+UILabel.swift */; };
		C7D5801B1B3FE1B400377C9B /* Bond+UIProgressView.swift in Sources */ = {isa = PBXBuildFile; fileRef = C7D57FFD1B3FE1B400377C9B /* Bond+UIProgressView.swift */; };
		C7D5801C1B3FE1B400377C9B /* Bond+UISlider.swift in Sources */ = {isa = PBXBuildFile; fileRef = C7D57FFE1B3FE1B400377C9B /* Bond+UISlider.swift */; };
		C7D5801D1B3FE1B400377C9B /* Bond+UISwitch.swift in Sources */ = {isa = PBXBuildFile; fileRef = C7D57FFF1B3FE1B400377C9B /* Bond+UISwitch.swift */; };
		C7D5801E1B3FE1B400377C9B /* Bond+UITableView.swift in Sources */ = {isa = PBXBuildFile; fileRef = C7D580001B3FE1B400377C9B /* Bond+UITableView.swift */; };
		C7D5801F1B3FE1B400377C9B /* Bond+UITextField.swift in Sources */ = {isa = PBXBuildFile; fileRef = C7D580011B3FE1B400377C9B /* Bond+UITextField.swift */; };
		C7D580201B3FE1B400377C9B /* Bond+UITextView.swift in Sources */ = {isa = PBXBuildFile; fileRef = C7D580021B3FE1B400377C9B /* Bond+UITextView.swift */; };
		C7D580211B3FE1B400377C9B /* Bond+UIView.swift in Sources */ = {isa = PBXBuildFile; fileRef = C7D580031B3FE1B400377C9B /* Bond+UIView.swift */; };
		C7D580221B3FE1B400377C9B /* Bond.swift in Sources */ = {isa = PBXBuildFile; fileRef = C7D580051B3FE1B400377C9B /* Bond.swift */; };
		C7D580231B3FE1B400377C9B /* Info.plist in Resources */ = {isa = PBXBuildFile; fileRef = C7D580061B3FE1B400377C9B /* Info.plist */; };
		C7E4BAFD1B3F1B6E0039718C /* MapKit.framework in Frameworks */ = {isa = PBXBuildFile; fileRef = C7E4BAFC1B3F1B6E0039718C /* MapKit.framework */; };
/* End PBXBuildFile section */

/* Begin PBXContainerItemProxy section */
		C702FB8A1B3EE3DB00137B55 /* PBXContainerItemProxy */ = {
			isa = PBXContainerItemProxy;
			containerPortal = C702FB6C1B3EE3DB00137B55 /* Project object */;
			proxyType = 1;
			remoteGlobalIDString = C702FB731B3EE3DB00137B55;
			remoteInfo = "welcome-guide";
		};
/* End PBXContainerItemProxy section */

/* Begin PBXFileReference section */
		66E071A41B3F29FD00DA4810 /* RequestTableViewController.swift */ = {isa = PBXFileReference; fileEncoding = 4; lastKnownFileType = sourcecode.swift; path = RequestTableViewController.swift; sourceTree = "<group>"; };
		AA3CC98A1B3F5462004FDE6B /* AudioToolbox.framework */ = {isa = PBXFileReference; lastKnownFileType = wrapper.framework; name = AudioToolbox.framework; path = System/Library/Frameworks/AudioToolbox.framework; sourceTree = SDKROOT; };
		AA3CC98C1B3F546A004FDE6B /* CFNetwork.framework */ = {isa = PBXFileReference; lastKnownFileType = wrapper.framework; name = CFNetwork.framework; path = System/Library/Frameworks/CFNetwork.framework; sourceTree = SDKROOT; };
		AA3CC98E1B3F546E004FDE6B /* CoreGraphics.framework */ = {isa = PBXFileReference; lastKnownFileType = wrapper.framework; name = CoreGraphics.framework; path = System/Library/Frameworks/CoreGraphics.framework; sourceTree = SDKROOT; };
		AA3CC9901B3F5475004FDE6B /* CoreLocation.framework */ = {isa = PBXFileReference; lastKnownFileType = wrapper.framework; name = CoreLocation.framework; path = System/Library/Frameworks/CoreLocation.framework; sourceTree = SDKROOT; };
		AA3CC9921B3F547B004FDE6B /* MobileCoreServices.framework */ = {isa = PBXFileReference; lastKnownFileType = wrapper.framework; name = MobileCoreServices.framework; path = System/Library/Frameworks/MobileCoreServices.framework; sourceTree = SDKROOT; };
		AA3CC9941B3F5480004FDE6B /* QuartzCore.framework */ = {isa = PBXFileReference; lastKnownFileType = wrapper.framework; name = QuartzCore.framework; path = System/Library/Frameworks/QuartzCore.framework; sourceTree = SDKROOT; };
		AA3CC9961B3F5486004FDE6B /* Security.framework */ = {isa = PBXFileReference; lastKnownFileType = wrapper.framework; name = Security.framework; path = System/Library/Frameworks/Security.framework; sourceTree = SDKROOT; };
		AA3CC99A1B3F5493004FDE6B /* SystemConfiguration.framework */ = {isa = PBXFileReference; lastKnownFileType = wrapper.framework; name = SystemConfiguration.framework; path = System/Library/Frameworks/SystemConfiguration.framework; sourceTree = SDKROOT; };
		AA3CC99C1B3F5498004FDE6B /* libz.dylib */ = {isa = PBXFileReference; lastKnownFileType = "compiled.mach-o.dylib"; name = libz.dylib; path = usr/lib/libz.dylib; sourceTree = SDKROOT; };
		AA3CC99E1B3F54A0004FDE6B /* libsqlite3.dylib */ = {isa = PBXFileReference; lastKnownFileType = "compiled.mach-o.dylib"; name = libsqlite3.dylib; path = usr/lib/libsqlite3.dylib; sourceTree = SDKROOT; };
		AA3CC9A01B3F54A9004FDE6B /* Social.framework */ = {isa = PBXFileReference; lastKnownFileType = wrapper.framework; name = Social.framework; path = System/Library/Frameworks/Social.framework; sourceTree = SDKROOT; };
		AA3CC9A21B3F54AE004FDE6B /* Accounts.framework */ = {isa = PBXFileReference; lastKnownFileType = wrapper.framework; name = Accounts.framework; path = System/Library/Frameworks/Accounts.framework; sourceTree = SDKROOT; };
		AA3CC9A51B3F54DF004FDE6B /* Bolts.framework */ = {isa = PBXFileReference; lastKnownFileType = wrapper.framework; path = Bolts.framework; sourceTree = "<group>"; };
		AA3CC9A61B3F54DF004FDE6B /* Parse.framework */ = {isa = PBXFileReference; lastKnownFileType = wrapper.framework; path = Parse.framework; sourceTree = "<group>"; };
		AA3CC9A71B3F54DF004FDE6B /* ParseCrashReporting.framework */ = {isa = PBXFileReference; lastKnownFileType = wrapper.framework; path = ParseCrashReporting.framework; sourceTree = "<group>"; };
		AA3CC9A81B3F54DF004FDE6B /* ParseFacebookUtils.framework */ = {isa = PBXFileReference; lastKnownFileType = wrapper.framework; path = ParseFacebookUtils.framework; sourceTree = "<group>"; };
		AA3CC9A91B3F54DF004FDE6B /* ParseFacebookUtilsV4.framework */ = {isa = PBXFileReference; lastKnownFileType = wrapper.framework; path = ParseFacebookUtilsV4.framework; sourceTree = "<group>"; };
		AA3CC9AA1B3F54DF004FDE6B /* ParseUI.framework */ = {isa = PBXFileReference; lastKnownFileType = wrapper.framework; path = ParseUI.framework; sourceTree = "<group>"; };
		AA3CC9B11B3F5510004FDE6B /* welcome-guide-BridgingHeader.h */ = {isa = PBXFileReference; lastKnownFileType = sourcecode.c.h; path = "welcome-guide-BridgingHeader.h"; sourceTree = "<group>"; };
		AAE8D1A41B3F64C300CEA43C /* Tour.swift */ = {isa = PBXFileReference; fileEncoding = 4; lastKnownFileType = sourcecode.swift; name = Tour.swift; path = model/Tour.swift; sourceTree = "<group>"; };
		C702FB741B3EE3DB00137B55 /* welcome-guide.app */ = {isa = PBXFileReference; explicitFileType = wrapper.application; includeInIndex = 0; path = "welcome-guide.app"; sourceTree = BUILT_PRODUCTS_DIR; };
		C702FB781B3EE3DB00137B55 /* Info.plist */ = {isa = PBXFileReference; lastKnownFileType = text.plist.xml; path = Info.plist; sourceTree = "<group>"; };
		C702FB791B3EE3DB00137B55 /* AppDelegate.swift */ = {isa = PBXFileReference; lastKnownFileType = sourcecode.swift; path = AppDelegate.swift; sourceTree = "<group>"; };
		C702FB7E1B3EE3DB00137B55 /* Base */ = {isa = PBXFileReference; lastKnownFileType = file.storyboard; name = Base; path = Base.lproj/Main.storyboard; sourceTree = "<group>"; };
		C702FB801B3EE3DB00137B55 /* Images.xcassets */ = {isa = PBXFileReference; lastKnownFileType = folder.assetcatalog; path = Images.xcassets; sourceTree = "<group>"; };
		C702FB831B3EE3DB00137B55 /* Base */ = {isa = PBXFileReference; lastKnownFileType = file.xib; name = Base; path = Base.lproj/LaunchScreen.xib; sourceTree = "<group>"; };
		C702FB891B3EE3DB00137B55 /* welcome-guideTests.xctest */ = {isa = PBXFileReference; explicitFileType = wrapper.cfbundle; includeInIndex = 0; path = "welcome-guideTests.xctest"; sourceTree = BUILT_PRODUCTS_DIR; };
		C702FB8E1B3EE3DB00137B55 /* Info.plist */ = {isa = PBXFileReference; lastKnownFileType = text.plist.xml; path = Info.plist; sourceTree = "<group>"; };
		C702FB8F1B3EE3DB00137B55 /* welcome_guideTests.swift */ = {isa = PBXFileReference; lastKnownFileType = sourcecode.swift; path = welcome_guideTests.swift; sourceTree = "<group>"; };
		C792F88D1B3EE91000A6316F /* GuideProfilViewController.swift */ = {isa = PBXFileReference; fileEncoding = 4; lastKnownFileType = sourcecode.swift; path = GuideProfilViewController.swift; sourceTree = "<group>"; };
		C7BBD5C11B3F625500AA4CFC /* Request.swift */ = {isa = PBXFileReference; fileEncoding = 4; lastKnownFileType = sourcecode.swift; name = Request.swift; path = model/Request.swift; sourceTree = "<group>"; };
		C7BBD5C51B3F6AAC00AA4CFC /* ConversationTableViewController.swift */ = {isa = PBXFileReference; fileEncoding = 4; lastKnownFileType = sourcecode.swift; path = ConversationTableViewController.swift; sourceTree = "<group>"; };
		C7BBD5C71B3F729B00AA4CFC /* ProfileTableViewController.swift */ = {isa = PBXFileReference; fileEncoding = 4; lastKnownFileType = sourcecode.swift; path = ProfileTableViewController.swift; sourceTree = "<group>"; };
		C7D57F5B1B3FDAC600377C9B /* JSQMessagesAssets.bundle */ = {isa = PBXFileReference; lastKnownFileType = "wrapper.plug-in"; path = JSQMessagesAssets.bundle; sourceTree = "<group>"; };
		C7D57F5D1B3FDAC600377C9B /* JSQSystemSoundPlayer+JSQMessages.h */ = {isa = PBXFileReference; fileEncoding = 4; lastKnownFileType = sourcecode.c.h; path = "JSQSystemSoundPlayer+JSQMessages.h"; sourceTree = "<group>"; };
		C7D57F5E1B3FDAC600377C9B /* JSQSystemSoundPlayer+JSQMessages.m */ = {isa = PBXFileReference; fileEncoding = 4; lastKnownFileType = sourcecode.c.objc; path = "JSQSystemSoundPlayer+JSQMessages.m"; sourceTree = "<group>"; };
		C7D57F5F1B3FDAC600377C9B /* NSBundle+JSQMessages.h */ = {isa = PBXFileReference; fileEncoding = 4; lastKnownFileType = sourcecode.c.h; path = "NSBundle+JSQMessages.h"; sourceTree = "<group>"; };
		C7D57F601B3FDAC600377C9B /* NSBundle+JSQMessages.m */ = {isa = PBXFileReference; fileEncoding = 4; lastKnownFileType = sourcecode.c.objc; path = "NSBundle+JSQMessages.m"; sourceTree = "<group>"; };
		C7D57F611B3FDAC600377C9B /* NSString+JSQMessages.h */ = {isa = PBXFileReference; fileEncoding = 4; lastKnownFileType = sourcecode.c.h; path = "NSString+JSQMessages.h"; sourceTree = "<group>"; };
		C7D57F621B3FDAC600377C9B /* NSString+JSQMessages.m */ = {isa = PBXFileReference; fileEncoding = 4; lastKnownFileType = sourcecode.c.objc; path = "NSString+JSQMessages.m"; sourceTree = "<group>"; };
		C7D57F631B3FDAC600377C9B /* UIColor+JSQMessages.h */ = {isa = PBXFileReference; fileEncoding = 4; lastKnownFileType = sourcecode.c.h; path = "UIColor+JSQMessages.h"; sourceTree = "<group>"; };
		C7D57F641B3FDAC600377C9B /* UIColor+JSQMessages.m */ = {isa = PBXFileReference; fileEncoding = 4; lastKnownFileType = sourcecode.c.objc; path = "UIColor+JSQMessages.m"; sourceTree = "<group>"; };
		C7D57F651B3FDAC600377C9B /* UIDevice+JSQMessages.h */ = {isa = PBXFileReference; fileEncoding = 4; lastKnownFileType = sourcecode.c.h; path = "UIDevice+JSQMessages.h"; sourceTree = "<group>"; };
		C7D57F661B3FDAC600377C9B /* UIDevice+JSQMessages.m */ = {isa = PBXFileReference; fileEncoding = 4; lastKnownFileType = sourcecode.c.objc; path = "UIDevice+JSQMessages.m"; sourceTree = "<group>"; };
		C7D57F671B3FDAC600377C9B /* UIImage+JSQMessages.h */ = {isa = PBXFileReference; fileEncoding = 4; lastKnownFileType = sourcecode.c.h; path = "UIImage+JSQMessages.h"; sourceTree = "<group>"; };
		C7D57F681B3FDAC600377C9B /* UIImage+JSQMessages.m */ = {isa = PBXFileReference; fileEncoding = 4; lastKnownFileType = sourcecode.c.objc; path = "UIImage+JSQMessages.m"; sourceTree = "<group>"; };
		C7D57F691B3FDAC600377C9B /* UIView+JSQMessages.h */ = {isa = PBXFileReference; fileEncoding = 4; lastKnownFileType = sourcecode.c.h; path = "UIView+JSQMessages.h"; sourceTree = "<group>"; };
		C7D57F6A1B3FDAC600377C9B /* UIView+JSQMessages.m */ = {isa = PBXFileReference; fileEncoding = 4; lastKnownFileType = sourcecode.c.objc; path = "UIView+JSQMessages.m"; sourceTree = "<group>"; };
		C7D57F6C1B3FDAC600377C9B /* JSQMessagesKeyboardController.h */ = {isa = PBXFileReference; fileEncoding = 4; lastKnownFileType = sourcecode.c.h; path = JSQMessagesKeyboardController.h; sourceTree = "<group>"; };
		C7D57F6D1B3FDAC600377C9B /* JSQMessagesKeyboardController.m */ = {isa = PBXFileReference; fileEncoding = 4; lastKnownFileType = sourcecode.c.objc; path = JSQMessagesKeyboardController.m; sourceTree = "<group>"; };
		C7D57F6E1B3FDAC600377C9B /* JSQMessagesViewController.h */ = {isa = PBXFileReference; fileEncoding = 4; lastKnownFileType = sourcecode.c.h; path = JSQMessagesViewController.h; sourceTree = "<group>"; };
		C7D57F6F1B3FDAC600377C9B /* JSQMessagesViewController.m */ = {isa = PBXFileReference; fileEncoding = 4; lastKnownFileType = sourcecode.c.objc; path = JSQMessagesViewController.m; sourceTree = "<group>"; };
		C7D57F701B3FDAC600377C9B /* JSQMessagesViewController.xib */ = {isa = PBXFileReference; fileEncoding = 4; lastKnownFileType = file.xib; path = JSQMessagesViewController.xib; sourceTree = "<group>"; };
		C7D57F721B3FDAC600377C9B /* JSQMessagesAvatarImageFactory.h */ = {isa = PBXFileReference; fileEncoding = 4; lastKnownFileType = sourcecode.c.h; path = JSQMessagesAvatarImageFactory.h; sourceTree = "<group>"; };
		C7D57F731B3FDAC600377C9B /* JSQMessagesAvatarImageFactory.m */ = {isa = PBXFileReference; fileEncoding = 4; lastKnownFileType = sourcecode.c.objc; path = JSQMessagesAvatarImageFactory.m; sourceTree = "<group>"; };
		C7D57F741B3FDAC600377C9B /* JSQMessagesBubbleImageFactory.h */ = {isa = PBXFileReference; fileEncoding = 4; lastKnownFileType = sourcecode.c.h; path = JSQMessagesBubbleImageFactory.h; sourceTree = "<group>"; };
		C7D57F751B3FDAC600377C9B /* JSQMessagesBubbleImageFactory.m */ = {isa = PBXFileReference; fileEncoding = 4; lastKnownFileType = sourcecode.c.objc; path = JSQMessagesBubbleImageFactory.m; sourceTree = "<group>"; };
		C7D57F761B3FDAC600377C9B /* JSQMessagesMediaViewBubbleImageMasker.h */ = {isa = PBXFileReference; fileEncoding = 4; lastKnownFileType = sourcecode.c.h; path = JSQMessagesMediaViewBubbleImageMasker.h; sourceTree = "<group>"; };
		C7D57F771B3FDAC600377C9B /* JSQMessagesMediaViewBubbleImageMasker.m */ = {isa = PBXFileReference; fileEncoding = 4; lastKnownFileType = sourcecode.c.objc; path = JSQMessagesMediaViewBubbleImageMasker.m; sourceTree = "<group>"; };
		C7D57F781B3FDAC600377C9B /* JSQMessagesTimestampFormatter.h */ = {isa = PBXFileReference; fileEncoding = 4; lastKnownFileType = sourcecode.c.h; path = JSQMessagesTimestampFormatter.h; sourceTree = "<group>"; };
		C7D57F791B3FDAC600377C9B /* JSQMessagesTimestampFormatter.m */ = {isa = PBXFileReference; fileEncoding = 4; lastKnownFileType = sourcecode.c.objc; path = JSQMessagesTimestampFormatter.m; sourceTree = "<group>"; };
		C7D57F7A1B3FDAC600377C9B /* JSQMessagesToolbarButtonFactory.h */ = {isa = PBXFileReference; fileEncoding = 4; lastKnownFileType = sourcecode.c.h; path = JSQMessagesToolbarButtonFactory.h; sourceTree = "<group>"; };
		C7D57F7B1B3FDAC600377C9B /* JSQMessagesToolbarButtonFactory.m */ = {isa = PBXFileReference; fileEncoding = 4; lastKnownFileType = sourcecode.c.objc; path = JSQMessagesToolbarButtonFactory.m; sourceTree = "<group>"; };
		C7D57F7C1B3FDAC600377C9B /* JSQMessages.h */ = {isa = PBXFileReference; fileEncoding = 4; lastKnownFileType = sourcecode.c.h; path = JSQMessages.h; sourceTree = "<group>"; };
		C7D57F7E1B3FDAC600377C9B /* JSQMessagesCollectionViewFlowLayout.h */ = {isa = PBXFileReference; fileEncoding = 4; lastKnownFileType = sourcecode.c.h; path = JSQMessagesCollectionViewFlowLayout.h; sourceTree = "<group>"; };
		C7D57F7F1B3FDAC600377C9B /* JSQMessagesCollectionViewFlowLayout.m */ = {isa = PBXFileReference; fileEncoding = 4; lastKnownFileType = sourcecode.c.objc; path = JSQMessagesCollectionViewFlowLayout.m; sourceTree = "<group>"; };
		C7D57F801B3FDAC600377C9B /* JSQMessagesCollectionViewFlowLayoutInvalidationContext.h */ = {isa = PBXFileReference; fileEncoding = 4; lastKnownFileType = sourcecode.c.h; path = JSQMessagesCollectionViewFlowLayoutInvalidationContext.h; sourceTree = "<group>"; };
		C7D57F811B3FDAC600377C9B /* JSQMessagesCollectionViewFlowLayoutInvalidationContext.m */ = {isa = PBXFileReference; fileEncoding = 4; lastKnownFileType = sourcecode.c.objc; path = JSQMessagesCollectionViewFlowLayoutInvalidationContext.m; sourceTree = "<group>"; };
		C7D57F821B3FDAC600377C9B /* JSQMessagesCollectionViewLayoutAttributes.h */ = {isa = PBXFileReference; fileEncoding = 4; lastKnownFileType = sourcecode.c.h; path = JSQMessagesCollectionViewLayoutAttributes.h; sourceTree = "<group>"; };
		C7D57F831B3FDAC600377C9B /* JSQMessagesCollectionViewLayoutAttributes.m */ = {isa = PBXFileReference; fileEncoding = 4; lastKnownFileType = sourcecode.c.objc; path = JSQMessagesCollectionViewLayoutAttributes.m; sourceTree = "<group>"; };
		C7D57F851B3FDAC600377C9B /* JSQLocationMediaItem.h */ = {isa = PBXFileReference; fileEncoding = 4; lastKnownFileType = sourcecode.c.h; path = JSQLocationMediaItem.h; sourceTree = "<group>"; };
		C7D57F861B3FDAC600377C9B /* JSQLocationMediaItem.m */ = {isa = PBXFileReference; fileEncoding = 4; lastKnownFileType = sourcecode.c.objc; path = JSQLocationMediaItem.m; sourceTree = "<group>"; };
		C7D57F871B3FDAC600377C9B /* JSQMediaItem.h */ = {isa = PBXFileReference; fileEncoding = 4; lastKnownFileType = sourcecode.c.h; path = JSQMediaItem.h; sourceTree = "<group>"; };
		C7D57F881B3FDAC600377C9B /* JSQMediaItem.m */ = {isa = PBXFileReference; fileEncoding = 4; lastKnownFileType = sourcecode.c.objc; path = JSQMediaItem.m; sourceTree = "<group>"; };
		C7D57F891B3FDAC600377C9B /* JSQMessage.h */ = {isa = PBXFileReference; fileEncoding = 4; lastKnownFileType = sourcecode.c.h; path = JSQMessage.h; sourceTree = "<group>"; };
		C7D57F8A1B3FDAC600377C9B /* JSQMessage.m */ = {isa = PBXFileReference; fileEncoding = 4; lastKnownFileType = sourcecode.c.objc; path = JSQMessage.m; sourceTree = "<group>"; };
		C7D57F8B1B3FDAC600377C9B /* JSQMessageAvatarImageDataSource.h */ = {isa = PBXFileReference; fileEncoding = 4; lastKnownFileType = sourcecode.c.h; path = JSQMessageAvatarImageDataSource.h; sourceTree = "<group>"; };
		C7D57F8C1B3FDAC600377C9B /* JSQMessageBubbleImageDataSource.h */ = {isa = PBXFileReference; fileEncoding = 4; lastKnownFileType = sourcecode.c.h; path = JSQMessageBubbleImageDataSource.h; sourceTree = "<group>"; };
		C7D57F8D1B3FDAC600377C9B /* JSQMessageData.h */ = {isa = PBXFileReference; fileEncoding = 4; lastKnownFileType = sourcecode.c.h; path = JSQMessageData.h; sourceTree = "<group>"; };
		C7D57F8E1B3FDAC600377C9B /* JSQMessageMediaData.h */ = {isa = PBXFileReference; fileEncoding = 4; lastKnownFileType = sourcecode.c.h; path = JSQMessageMediaData.h; sourceTree = "<group>"; };
		C7D57F8F1B3FDAC600377C9B /* JSQMessagesAvatarImage.h */ = {isa = PBXFileReference; fileEncoding = 4; lastKnownFileType = sourcecode.c.h; path = JSQMessagesAvatarImage.h; sourceTree = "<group>"; };
		C7D57F901B3FDAC600377C9B /* JSQMessagesAvatarImage.m */ = {isa = PBXFileReference; fileEncoding = 4; lastKnownFileType = sourcecode.c.objc; path = JSQMessagesAvatarImage.m; sourceTree = "<group>"; };
		C7D57F911B3FDAC600377C9B /* JSQMessagesBubbleImage.h */ = {isa = PBXFileReference; fileEncoding = 4; lastKnownFileType = sourcecode.c.h; path = JSQMessagesBubbleImage.h; sourceTree = "<group>"; };
		C7D57F921B3FDAC600377C9B /* JSQMessagesBubbleImage.m */ = {isa = PBXFileReference; fileEncoding = 4; lastKnownFileType = sourcecode.c.objc; path = JSQMessagesBubbleImage.m; sourceTree = "<group>"; };
		C7D57F931B3FDAC600377C9B /* JSQMessagesCollectionViewDataSource.h */ = {isa = PBXFileReference; fileEncoding = 4; lastKnownFileType = sourcecode.c.h; path = JSQMessagesCollectionViewDataSource.h; sourceTree = "<group>"; };
		C7D57F941B3FDAC600377C9B /* JSQMessagesCollectionViewDelegateFlowLayout.h */ = {isa = PBXFileReference; fileEncoding = 4; lastKnownFileType = sourcecode.c.h; path = JSQMessagesCollectionViewDelegateFlowLayout.h; sourceTree = "<group>"; };
		C7D57F951B3FDAC600377C9B /* JSQPhotoMediaItem.h */ = {isa = PBXFileReference; fileEncoding = 4; lastKnownFileType = sourcecode.c.h; path = JSQPhotoMediaItem.h; sourceTree = "<group>"; };
		C7D57F961B3FDAC600377C9B /* JSQPhotoMediaItem.m */ = {isa = PBXFileReference; fileEncoding = 4; lastKnownFileType = sourcecode.c.objc; path = JSQPhotoMediaItem.m; sourceTree = "<group>"; };
		C7D57F971B3FDAC600377C9B /* JSQVideoMediaItem.h */ = {isa = PBXFileReference; fileEncoding = 4; lastKnownFileType = sourcecode.c.h; path = JSQVideoMediaItem.h; sourceTree = "<group>"; };
		C7D57F981B3FDAC600377C9B /* JSQVideoMediaItem.m */ = {isa = PBXFileReference; fileEncoding = 4; lastKnownFileType = sourcecode.c.objc; path = JSQVideoMediaItem.m; sourceTree = "<group>"; };
		C7D57F9A1B3FDAC600377C9B /* JSQMessagesCellTextView.h */ = {isa = PBXFileReference; fileEncoding = 4; lastKnownFileType = sourcecode.c.h; path = JSQMessagesCellTextView.h; sourceTree = "<group>"; };
		C7D57F9B1B3FDAC600377C9B /* JSQMessagesCellTextView.m */ = {isa = PBXFileReference; fileEncoding = 4; lastKnownFileType = sourcecode.c.objc; path = JSQMessagesCellTextView.m; sourceTree = "<group>"; };
		C7D57F9C1B3FDAC600377C9B /* JSQMessagesCollectionView.h */ = {isa = PBXFileReference; fileEncoding = 4; lastKnownFileType = sourcecode.c.h; path = JSQMessagesCollectionView.h; sourceTree = "<group>"; };
		C7D57F9D1B3FDAC600377C9B /* JSQMessagesCollectionView.m */ = {isa = PBXFileReference; fileEncoding = 4; lastKnownFileType = sourcecode.c.objc; path = JSQMessagesCollectionView.m; sourceTree = "<group>"; };
		C7D57F9E1B3FDAC600377C9B /* JSQMessagesCollectionViewCell.h */ = {isa = PBXFileReference; fileEncoding = 4; lastKnownFileType = sourcecode.c.h; path = JSQMessagesCollectionViewCell.h; sourceTree = "<group>"; };
		C7D57F9F1B3FDAC600377C9B /* JSQMessagesCollectionViewCell.m */ = {isa = PBXFileReference; fileEncoding = 4; lastKnownFileType = sourcecode.c.objc; path = JSQMessagesCollectionViewCell.m; sourceTree = "<group>"; };
		C7D57FA01B3FDAC600377C9B /* JSQMessagesCollectionViewCellIncoming.h */ = {isa = PBXFileReference; fileEncoding = 4; lastKnownFileType = sourcecode.c.h; path = JSQMessagesCollectionViewCellIncoming.h; sourceTree = "<group>"; };
		C7D57FA11B3FDAC600377C9B /* JSQMessagesCollectionViewCellIncoming.m */ = {isa = PBXFileReference; fileEncoding = 4; lastKnownFileType = sourcecode.c.objc; path = JSQMessagesCollectionViewCellIncoming.m; sourceTree = "<group>"; };
		C7D57FA21B3FDAC600377C9B /* JSQMessagesCollectionViewCellIncoming.xib */ = {isa = PBXFileReference; fileEncoding = 4; lastKnownFileType = file.xib; path = JSQMessagesCollectionViewCellIncoming.xib; sourceTree = "<group>"; };
		C7D57FA31B3FDAC600377C9B /* JSQMessagesCollectionViewCellOutgoing.h */ = {isa = PBXFileReference; fileEncoding = 4; lastKnownFileType = sourcecode.c.h; path = JSQMessagesCollectionViewCellOutgoing.h; sourceTree = "<group>"; };
		C7D57FA41B3FDAC600377C9B /* JSQMessagesCollectionViewCellOutgoing.m */ = {isa = PBXFileReference; fileEncoding = 4; lastKnownFileType = sourcecode.c.objc; path = JSQMessagesCollectionViewCellOutgoing.m; sourceTree = "<group>"; };
		C7D57FA51B3FDAC600377C9B /* JSQMessagesCollectionViewCellOutgoing.xib */ = {isa = PBXFileReference; fileEncoding = 4; lastKnownFileType = file.xib; path = JSQMessagesCollectionViewCellOutgoing.xib; sourceTree = "<group>"; };
		C7D57FA61B3FDAC600377C9B /* JSQMessagesComposerTextView.h */ = {isa = PBXFileReference; fileEncoding = 4; lastKnownFileType = sourcecode.c.h; path = JSQMessagesComposerTextView.h; sourceTree = "<group>"; };
		C7D57FA71B3FDAC600377C9B /* JSQMessagesComposerTextView.m */ = {isa = PBXFileReference; fileEncoding = 4; lastKnownFileType = sourcecode.c.objc; path = JSQMessagesComposerTextView.m; sourceTree = "<group>"; };
		C7D57FA81B3FDAC600377C9B /* JSQMessagesInputToolbar.h */ = {isa = PBXFileReference; fileEncoding = 4; lastKnownFileType = sourcecode.c.h; path = JSQMessagesInputToolbar.h; sourceTree = "<group>"; };
		C7D57FA91B3FDAC600377C9B /* JSQMessagesInputToolbar.m */ = {isa = PBXFileReference; fileEncoding = 4; lastKnownFileType = sourcecode.c.objc; path = JSQMessagesInputToolbar.m; sourceTree = "<group>"; };
		C7D57FAA1B3FDAC600377C9B /* JSQMessagesLabel.h */ = {isa = PBXFileReference; fileEncoding = 4; lastKnownFileType = sourcecode.c.h; path = JSQMessagesLabel.h; sourceTree = "<group>"; };
		C7D57FAB1B3FDAC600377C9B /* JSQMessagesLabel.m */ = {isa = PBXFileReference; fileEncoding = 4; lastKnownFileType = sourcecode.c.objc; path = JSQMessagesLabel.m; sourceTree = "<group>"; };
		C7D57FAC1B3FDAC600377C9B /* JSQMessagesLoadEarlierHeaderView.h */ = {isa = PBXFileReference; fileEncoding = 4; lastKnownFileType = sourcecode.c.h; path = JSQMessagesLoadEarlierHeaderView.h; sourceTree = "<group>"; };
		C7D57FAD1B3FDAC600377C9B /* JSQMessagesLoadEarlierHeaderView.m */ = {isa = PBXFileReference; fileEncoding = 4; lastKnownFileType = sourcecode.c.objc; path = JSQMessagesLoadEarlierHeaderView.m; sourceTree = "<group>"; };
		C7D57FAE1B3FDAC600377C9B /* JSQMessagesLoadEarlierHeaderView.xib */ = {isa = PBXFileReference; fileEncoding = 4; lastKnownFileType = file.xib; path = JSQMessagesLoadEarlierHeaderView.xib; sourceTree = "<group>"; };
		C7D57FAF1B3FDAC600377C9B /* JSQMessagesMediaPlaceholderView.h */ = {isa = PBXFileReference; fileEncoding = 4; lastKnownFileType = sourcecode.c.h; path = JSQMessagesMediaPlaceholderView.h; sourceTree = "<group>"; };
		C7D57FB01B3FDAC600377C9B /* JSQMessagesMediaPlaceholderView.m */ = {isa = PBXFileReference; fileEncoding = 4; lastKnownFileType = sourcecode.c.objc; path = JSQMessagesMediaPlaceholderView.m; sourceTree = "<group>"; };
		C7D57FB11B3FDAC600377C9B /* JSQMessagesToolbarContentView.h */ = {isa = PBXFileReference; fileEncoding = 4; lastKnownFileType = sourcecode.c.h; path = JSQMessagesToolbarContentView.h; sourceTree = "<group>"; };
		C7D57FB21B3FDAC600377C9B /* JSQMessagesToolbarContentView.m */ = {isa = PBXFileReference; fileEncoding = 4; lastKnownFileType = sourcecode.c.objc; path = JSQMessagesToolbarContentView.m; sourceTree = "<group>"; };
		C7D57FB31B3FDAC600377C9B /* JSQMessagesToolbarContentView.xib */ = {isa = PBXFileReference; fileEncoding = 4; lastKnownFileType = file.xib; path = JSQMessagesToolbarContentView.xib; sourceTree = "<group>"; };
		C7D57FB41B3FDAC600377C9B /* JSQMessagesTypingIndicatorFooterView.h */ = {isa = PBXFileReference; fileEncoding = 4; lastKnownFileType = sourcecode.c.h; path = JSQMessagesTypingIndicatorFooterView.h; sourceTree = "<group>"; };
		C7D57FB51B3FDAC600377C9B /* JSQMessagesTypingIndicatorFooterView.m */ = {isa = PBXFileReference; fileEncoding = 4; lastKnownFileType = sourcecode.c.objc; path = JSQMessagesTypingIndicatorFooterView.m; sourceTree = "<group>"; };
		C7D57FB61B3FDAC600377C9B /* JSQMessagesTypingIndicatorFooterView.xib */ = {isa = PBXFileReference; fileEncoding = 4; lastKnownFileType = file.xib; path = JSQMessagesTypingIndicatorFooterView.xib; sourceTree = "<group>"; };
		C7D57FE31B3FDAFA00377C9B /* JSQSystemSoundPlayer.h */ = {isa = PBXFileReference; fileEncoding = 4; lastKnownFileType = sourcecode.c.h; path = JSQSystemSoundPlayer.h; sourceTree = "<group>"; };
		C7D57FE41B3FDAFA00377C9B /* JSQSystemSoundPlayer.m */ = {isa = PBXFileReference; fileEncoding = 4; lastKnownFileType = sourcecode.c.objc; path = JSQSystemSoundPlayer.m; sourceTree = "<group>"; };
		C7D57FE61B3FDC7A00377C9B /* ChatViewController.swift */ = {isa = PBXFileReference; fileEncoding = 4; lastKnownFileType = sourcecode.swift; path = ChatViewController.swift; sourceTree = "<group>"; };
		C7D57FE91B3FE1B400377C9B /* Bond+Arrays.swift */ = {isa = PBXFileReference; fileEncoding = 4; lastKnownFileType = sourcecode.swift; path = "Bond+Arrays.swift"; sourceTree = "<group>"; };
		C7D57FEA1B3FE1B400377C9B /* Bond+CALayer.swift */ = {isa = PBXFileReference; fileEncoding = 4; lastKnownFileType = sourcecode.swift; path = "Bond+CALayer.swift"; sourceTree = "<group>"; };
		C7D57FEB1B3FE1B400377C9B /* Bond+Foundation.swift */ = {isa = PBXFileReference; fileEncoding = 4; lastKnownFileType = sourcecode.swift; path = "Bond+Foundation.swift"; sourceTree = "<group>"; };
		C7D57FEC1B3FE1B400377C9B /* Bond+Functional.swift */ = {isa = PBXFileReference; fileEncoding = 4; lastKnownFileType = sourcecode.swift; path = "Bond+Functional.swift"; sourceTree = "<group>"; };
		C7D57FF51B3FE1B400377C9B /* Bond+Operators.swift */ = {isa = PBXFileReference; fileEncoding = 4; lastKnownFileType = sourcecode.swift; path = "Bond+Operators.swift"; sourceTree = "<group>"; };
		C7D57FF61B3FE1B400377C9B /* Bond+UIActivityIndicatorView.swift */ = {isa = PBXFileReference; fileEncoding = 4; lastKnownFileType = sourcecode.swift; path = "Bond+UIActivityIndicatorView.swift"; sourceTree = "<group>"; };
		C7D57FF71B3FE1B400377C9B /* Bond+UIBarItem.swift */ = {isa = PBXFileReference; fileEncoding = 4; lastKnownFileType = sourcecode.swift; path = "Bond+UIBarItem.swift"; sourceTree = "<group>"; };
		C7D57FF81B3FE1B400377C9B /* Bond+UIButton.swift */ = {isa = PBXFileReference; fileEncoding = 4; lastKnownFileType = sourcecode.swift; path = "Bond+UIButton.swift"; sourceTree = "<group>"; };
		C7D57FF91B3FE1B400377C9B /* Bond+UICollectionView.swift */ = {isa = PBXFileReference; fileEncoding = 4; lastKnownFileType = sourcecode.swift; path = "Bond+UICollectionView.swift"; sourceTree = "<group>"; };
		C7D57FFA1B3FE1B400377C9B /* Bond+UIDatePicker.swift */ = {isa = PBXFileReference; fileEncoding = 4; lastKnownFileType = sourcecode.swift; path = "Bond+UIDatePicker.swift"; sourceTree = "<group>"; };
		C7D57FFB1B3FE1B400377C9B /* Bond+UIImageView.swift */ = {isa = PBXFileReference; fileEncoding = 4; lastKnownFileType = sourcecode.swift; path = "Bond+UIImageView.swift"; sourceTree = "<group>"; };
		C7D57FFC1B3FE1B400377C9B /* Bond+UILabel.swift */ = {isa = PBXFileReference; fileEncoding = 4; lastKnownFileType = sourcecode.swift; path = "Bond+UILabel.swift"; sourceTree = "<group>"; };
		C7D57FFD1B3FE1B400377C9B /* Bond+UIProgressView.swift */ = {isa = PBXFileReference; fileEncoding = 4; lastKnownFileType = sourcecode.swift; path = "Bond+UIProgressView.swift"; sourceTree = "<group>"; };
		C7D57FFE1B3FE1B400377C9B /* Bond+UISlider.swift */ = {isa = PBXFileReference; fileEncoding = 4; lastKnownFileType = sourcecode.swift; path = "Bond+UISlider.swift"; sourceTree = "<group>"; };
		C7D57FFF1B3FE1B400377C9B /* Bond+UISwitch.swift */ = {isa = PBXFileReference; fileEncoding = 4; lastKnownFileType = sourcecode.swift; path = "Bond+UISwitch.swift"; sourceTree = "<group>"; };
		C7D580001B3FE1B400377C9B /* Bond+UITableView.swift */ = {isa = PBXFileReference; fileEncoding = 4; lastKnownFileType = sourcecode.swift; path = "Bond+UITableView.swift"; sourceTree = "<group>"; };
		C7D580011B3FE1B400377C9B /* Bond+UITextField.swift */ = {isa = PBXFileReference; fileEncoding = 4; lastKnownFileType = sourcecode.swift; path = "Bond+UITextField.swift"; sourceTree = "<group>"; };
		C7D580021B3FE1B400377C9B /* Bond+UITextView.swift */ = {isa = PBXFileReference; fileEncoding = 4; lastKnownFileType = sourcecode.swift; path = "Bond+UITextView.swift"; sourceTree = "<group>"; };
		C7D580031B3FE1B400377C9B /* Bond+UIView.swift */ = {isa = PBXFileReference; fileEncoding = 4; lastKnownFileType = sourcecode.swift; path = "Bond+UIView.swift"; sourceTree = "<group>"; };
		C7D580041B3FE1B400377C9B /* Bond.h */ = {isa = PBXFileReference; fileEncoding = 4; lastKnownFileType = sourcecode.c.h; path = Bond.h; sourceTree = "<group>"; };
		C7D580051B3FE1B400377C9B /* Bond.swift */ = {isa = PBXFileReference; fileEncoding = 4; lastKnownFileType = sourcecode.swift; path = Bond.swift; sourceTree = "<group>"; };
		C7D580061B3FE1B400377C9B /* Info.plist */ = {isa = PBXFileReference; fileEncoding = 4; lastKnownFileType = text.plist.xml; path = Info.plist; sourceTree = "<group>"; };
		C7E4BAFC1B3F1B6E0039718C /* MapKit.framework */ = {isa = PBXFileReference; lastKnownFileType = wrapper.framework; name = MapKit.framework; path = System/Library/Frameworks/MapKit.framework; sourceTree = SDKROOT; };
/* End PBXFileReference section */

/* Begin PBXFrameworksBuildPhase section */
		C702FB711B3EE3DB00137B55 /* Frameworks */ = {
			isa = PBXFrameworksBuildPhase;
			buildActionMask = 2147483647;
			files = (
				AA3CC9AB1B3F54DF004FDE6B /* Bolts.framework in Frameworks */,
				AA3CC9A31B3F54AE004FDE6B /* Accounts.framework in Frameworks */,
				AA3CC9B01B3F54DF004FDE6B /* ParseUI.framework in Frameworks */,
				AA3CC9AF1B3F54DF004FDE6B /* ParseFacebookUtilsV4.framework in Frameworks */,
				AA3CC9AE1B3F54DF004FDE6B /* ParseFacebookUtils.framework in Frameworks */,
				AA3CC9A11B3F54A9004FDE6B /* Social.framework in Frameworks */,
				AA3CC9AD1B3F54DF004FDE6B /* ParseCrashReporting.framework in Frameworks */,
				AA3CC99F1B3F54A0004FDE6B /* libsqlite3.dylib in Frameworks */,
				AA3CC99D1B3F5498004FDE6B /* libz.dylib in Frameworks */,
				AA3CC99B1B3F5493004FDE6B /* SystemConfiguration.framework in Frameworks */,
				AA3CC9AC1B3F54DF004FDE6B /* Parse.framework in Frameworks */,
				AA3CC9971B3F5486004FDE6B /* Security.framework in Frameworks */,
				AA3CC9951B3F5480004FDE6B /* QuartzCore.framework in Frameworks */,
				AA3CC9931B3F547B004FDE6B /* MobileCoreServices.framework in Frameworks */,
				AA3CC9911B3F5475004FDE6B /* CoreLocation.framework in Frameworks */,
				AA3CC98F1B3F546E004FDE6B /* CoreGraphics.framework in Frameworks */,
				AA3CC98D1B3F546A004FDE6B /* CFNetwork.framework in Frameworks */,
				AA3CC98B1B3F5462004FDE6B /* AudioToolbox.framework in Frameworks */,
				C7E4BAFD1B3F1B6E0039718C /* MapKit.framework in Frameworks */,
			);
			runOnlyForDeploymentPostprocessing = 0;
		};
		C702FB861B3EE3DB00137B55 /* Frameworks */ = {
			isa = PBXFrameworksBuildPhase;
			buildActionMask = 2147483647;
			files = (
			);
			runOnlyForDeploymentPostprocessing = 0;
		};
/* End PBXFrameworksBuildPhase section */

/* Begin PBXGroup section */
		C702FB6B1B3EE3DB00137B55 = {
			isa = PBXGroup;
			children = (
				C702FB761B3EE3DB00137B55 /* welcome-guide */,
				C7F9C4681B3F60670029D6AC /* Frameworks */,
				C702FB8C1B3EE3DB00137B55 /* welcome-guideTests */,
				C702FB751B3EE3DB00137B55 /* Products */,
			);
			sourceTree = "<group>";
		};
		C702FB751B3EE3DB00137B55 /* Products */ = {
			isa = PBXGroup;
			children = (
				C702FB741B3EE3DB00137B55 /* welcome-guide.app */,
				C702FB891B3EE3DB00137B55 /* welcome-guideTests.xctest */,
			);
			name = Products;
			sourceTree = "<group>";
		};
		C702FB761B3EE3DB00137B55 /* welcome-guide */ = {
			isa = PBXGroup;
			children = (
				C7BBD5C41B3F628400AA4CFC /* Models */,
				C792F88D1B3EE91000A6316F /* GuideProfilViewController.swift */,
				66E071A41B3F29FD00DA4810 /* RequestTableViewController.swift */,
				C7BBD5C71B3F729B00AA4CFC /* ProfileTableViewController.swift */,
				C7D57FE61B3FDC7A00377C9B /* ChatViewController.swift */,
				C7BBD5C51B3F6AAC00AA4CFC /* ConversationTableViewController.swift */,
				C702FB791B3EE3DB00137B55 /* AppDelegate.swift */,
				C702FB7D1B3EE3DB00137B55 /* Main.storyboard */,
				C702FB801B3EE3DB00137B55 /* Images.xcassets */,
				C702FB821B3EE3DB00137B55 /* LaunchScreen.xib */,
				C702FB771B3EE3DB00137B55 /* Supporting Files */,
				AA3CC9B11B3F5510004FDE6B /* welcome-guide-BridgingHeader.h */,
			);
			path = "welcome-guide";
			sourceTree = "<group>";
		};
		C702FB771B3EE3DB00137B55 /* Supporting Files */ = {
			isa = PBXGroup;
			children = (
				C702FB781B3EE3DB00137B55 /* Info.plist */,
			);
			name = "Supporting Files";
			sourceTree = "<group>";
		};
		C702FB8C1B3EE3DB00137B55 /* welcome-guideTests */ = {
			isa = PBXGroup;
			children = (
				C702FB8F1B3EE3DB00137B55 /* welcome_guideTests.swift */,
				C702FB8D1B3EE3DB00137B55 /* Supporting Files */,
			);
			path = "welcome-guideTests";
			sourceTree = "<group>";
		};
		C702FB8D1B3EE3DB00137B55 /* Supporting Files */ = {
			isa = PBXGroup;
			children = (
				C702FB8E1B3EE3DB00137B55 /* Info.plist */,
			);
			name = "Supporting Files";
			sourceTree = "<group>";
		};
		C7BBD5C41B3F628400AA4CFC /* Models */ = {
			isa = PBXGroup;
			children = (
				C7BBD5C11B3F625500AA4CFC /* Request.swift */,
				AAE8D1A41B3F64C300CEA43C /* Tour.swift */,
			);
			name = Models;
			sourceTree = "<group>";
		};
		C7D57F351B3FD8E800377C9B /* JSQMessages */ = {
			isa = PBXGroup;
			children = (
				C7D57FE31B3FDAFA00377C9B /* JSQSystemSoundPlayer.h */,
				C7D57FE41B3FDAFA00377C9B /* JSQSystemSoundPlayer.m */,
				C7D57F591B3FDAC600377C9B /* JSQMessagesViewController */,
			);
			name = JSQMessages;
			sourceTree = "<group>";
		};
		C7D57F591B3FDAC600377C9B /* JSQMessagesViewController */ = {
			isa = PBXGroup;
			children = (
				C7D57F5A1B3FDAC600377C9B /* Assets */,
				C7D57F5C1B3FDAC600377C9B /* Categories */,
				C7D57F6B1B3FDAC600377C9B /* Controllers */,
				C7D57F711B3FDAC600377C9B /* Factories */,
				C7D57F7C1B3FDAC600377C9B /* JSQMessages.h */,
				C7D57F7D1B3FDAC600377C9B /* Layout */,
				C7D57F841B3FDAC600377C9B /* Model */,
				C7D57F991B3FDAC600377C9B /* Views */,
			);
			path = JSQMessagesViewController;
			sourceTree = "<group>";
		};
		C7D57F5A1B3FDAC600377C9B /* Assets */ = {
			isa = PBXGroup;
			children = (
				C7D57F5B1B3FDAC600377C9B /* JSQMessagesAssets.bundle */,
			);
			path = Assets;
			sourceTree = "<group>";
		};
		C7D57F5C1B3FDAC600377C9B /* Categories */ = {
			isa = PBXGroup;
			children = (
				C7D57F5D1B3FDAC600377C9B /* JSQSystemSoundPlayer+JSQMessages.h */,
				C7D57F5E1B3FDAC600377C9B /* JSQSystemSoundPlayer+JSQMessages.m */,
				C7D57F5F1B3FDAC600377C9B /* NSBundle+JSQMessages.h */,
				C7D57F601B3FDAC600377C9B /* NSBundle+JSQMessages.m */,
				C7D57F611B3FDAC600377C9B /* NSString+JSQMessages.h */,
				C7D57F621B3FDAC600377C9B /* NSString+JSQMessages.m */,
				C7D57F631B3FDAC600377C9B /* UIColor+JSQMessages.h */,
				C7D57F641B3FDAC600377C9B /* UIColor+JSQMessages.m */,
				C7D57F651B3FDAC600377C9B /* UIDevice+JSQMessages.h */,
				C7D57F661B3FDAC600377C9B /* UIDevice+JSQMessages.m */,
				C7D57F671B3FDAC600377C9B /* UIImage+JSQMessages.h */,
				C7D57F681B3FDAC600377C9B /* UIImage+JSQMessages.m */,
				C7D57F691B3FDAC600377C9B /* UIView+JSQMessages.h */,
				C7D57F6A1B3FDAC600377C9B /* UIView+JSQMessages.m */,
			);
			path = Categories;
			sourceTree = "<group>";
		};
		C7D57F6B1B3FDAC600377C9B /* Controllers */ = {
			isa = PBXGroup;
			children = (
				C7D57F6C1B3FDAC600377C9B /* JSQMessagesKeyboardController.h */,
				C7D57F6D1B3FDAC600377C9B /* JSQMessagesKeyboardController.m */,
				C7D57F6E1B3FDAC600377C9B /* JSQMessagesViewController.h */,
				C7D57F6F1B3FDAC600377C9B /* JSQMessagesViewController.m */,
				C7D57F701B3FDAC600377C9B /* JSQMessagesViewController.xib */,
			);
			path = Controllers;
			sourceTree = "<group>";
		};
		C7D57F711B3FDAC600377C9B /* Factories */ = {
			isa = PBXGroup;
			children = (
				C7D57F721B3FDAC600377C9B /* JSQMessagesAvatarImageFactory.h */,
				C7D57F731B3FDAC600377C9B /* JSQMessagesAvatarImageFactory.m */,
				C7D57F741B3FDAC600377C9B /* JSQMessagesBubbleImageFactory.h */,
				C7D57F751B3FDAC600377C9B /* JSQMessagesBubbleImageFactory.m */,
				C7D57F761B3FDAC600377C9B /* JSQMessagesMediaViewBubbleImageMasker.h */,
				C7D57F771B3FDAC600377C9B /* JSQMessagesMediaViewBubbleImageMasker.m */,
				C7D57F781B3FDAC600377C9B /* JSQMessagesTimestampFormatter.h */,
				C7D57F791B3FDAC600377C9B /* JSQMessagesTimestampFormatter.m */,
				C7D57F7A1B3FDAC600377C9B /* JSQMessagesToolbarButtonFactory.h */,
				C7D57F7B1B3FDAC600377C9B /* JSQMessagesToolbarButtonFactory.m */,
			);
			path = Factories;
			sourceTree = "<group>";
		};
		C7D57F7D1B3FDAC600377C9B /* Layout */ = {
			isa = PBXGroup;
			children = (
				C7D57F7E1B3FDAC600377C9B /* JSQMessagesCollectionViewFlowLayout.h */,
				C7D57F7F1B3FDAC600377C9B /* JSQMessagesCollectionViewFlowLayout.m */,
				C7D57F801B3FDAC600377C9B /* JSQMessagesCollectionViewFlowLayoutInvalidationContext.h */,
				C7D57F811B3FDAC600377C9B /* JSQMessagesCollectionViewFlowLayoutInvalidationContext.m */,
				C7D57F821B3FDAC600377C9B /* JSQMessagesCollectionViewLayoutAttributes.h */,
				C7D57F831B3FDAC600377C9B /* JSQMessagesCollectionViewLayoutAttributes.m */,
			);
			path = Layout;
			sourceTree = "<group>";
		};
		C7D57F841B3FDAC600377C9B /* Model */ = {
			isa = PBXGroup;
			children = (
				C7D57F851B3FDAC600377C9B /* JSQLocationMediaItem.h */,
				C7D57F861B3FDAC600377C9B /* JSQLocationMediaItem.m */,
				C7D57F871B3FDAC600377C9B /* JSQMediaItem.h */,
				C7D57F881B3FDAC600377C9B /* JSQMediaItem.m */,
				C7D57F891B3FDAC600377C9B /* JSQMessage.h */,
				C7D57F8A1B3FDAC600377C9B /* JSQMessage.m */,
				C7D57F8B1B3FDAC600377C9B /* JSQMessageAvatarImageDataSource.h */,
				C7D57F8C1B3FDAC600377C9B /* JSQMessageBubbleImageDataSource.h */,
				C7D57F8D1B3FDAC600377C9B /* JSQMessageData.h */,
				C7D57F8E1B3FDAC600377C9B /* JSQMessageMediaData.h */,
				C7D57F8F1B3FDAC600377C9B /* JSQMessagesAvatarImage.h */,
				C7D57F901B3FDAC600377C9B /* JSQMessagesAvatarImage.m */,
				C7D57F911B3FDAC600377C9B /* JSQMessagesBubbleImage.h */,
				C7D57F921B3FDAC600377C9B /* JSQMessagesBubbleImage.m */,
				C7D57F931B3FDAC600377C9B /* JSQMessagesCollectionViewDataSource.h */,
				C7D57F941B3FDAC600377C9B /* JSQMessagesCollectionViewDelegateFlowLayout.h */,
				C7D57F951B3FDAC600377C9B /* JSQPhotoMediaItem.h */,
				C7D57F961B3FDAC600377C9B /* JSQPhotoMediaItem.m */,
				C7D57F971B3FDAC600377C9B /* JSQVideoMediaItem.h */,
				C7D57F981B3FDAC600377C9B /* JSQVideoMediaItem.m */,
			);
			path = Model;
			sourceTree = "<group>";
		};
		C7D57F991B3FDAC600377C9B /* Views */ = {
			isa = PBXGroup;
			children = (
				C7D57F9A1B3FDAC600377C9B /* JSQMessagesCellTextView.h */,
				C7D57F9B1B3FDAC600377C9B /* JSQMessagesCellTextView.m */,
				C7D57F9C1B3FDAC600377C9B /* JSQMessagesCollectionView.h */,
				C7D57F9D1B3FDAC600377C9B /* JSQMessagesCollectionView.m */,
				C7D57F9E1B3FDAC600377C9B /* JSQMessagesCollectionViewCell.h */,
				C7D57F9F1B3FDAC600377C9B /* JSQMessagesCollectionViewCell.m */,
				C7D57FA01B3FDAC600377C9B /* JSQMessagesCollectionViewCellIncoming.h */,
				C7D57FA11B3FDAC600377C9B /* JSQMessagesCollectionViewCellIncoming.m */,
				C7D57FA21B3FDAC600377C9B /* JSQMessagesCollectionViewCellIncoming.xib */,
				C7D57FA31B3FDAC600377C9B /* JSQMessagesCollectionViewCellOutgoing.h */,
				C7D57FA41B3FDAC600377C9B /* JSQMessagesCollectionViewCellOutgoing.m */,
				C7D57FA51B3FDAC600377C9B /* JSQMessagesCollectionViewCellOutgoing.xib */,
				C7D57FA61B3FDAC600377C9B /* JSQMessagesComposerTextView.h */,
				C7D57FA71B3FDAC600377C9B /* JSQMessagesComposerTextView.m */,
				C7D57FA81B3FDAC600377C9B /* JSQMessagesInputToolbar.h */,
				C7D57FA91B3FDAC600377C9B /* JSQMessagesInputToolbar.m */,
				C7D57FAA1B3FDAC600377C9B /* JSQMessagesLabel.h */,
				C7D57FAB1B3FDAC600377C9B /* JSQMessagesLabel.m */,
				C7D57FAC1B3FDAC600377C9B /* JSQMessagesLoadEarlierHeaderView.h */,
				C7D57FAD1B3FDAC600377C9B /* JSQMessagesLoadEarlierHeaderView.m */,
				C7D57FAE1B3FDAC600377C9B /* JSQMessagesLoadEarlierHeaderView.xib */,
				C7D57FAF1B3FDAC600377C9B /* JSQMessagesMediaPlaceholderView.h */,
				C7D57FB01B3FDAC600377C9B /* JSQMessagesMediaPlaceholderView.m */,
				C7D57FB11B3FDAC600377C9B /* JSQMessagesToolbarContentView.h */,
				C7D57FB21B3FDAC600377C9B /* JSQMessagesToolbarContentView.m */,
				C7D57FB31B3FDAC600377C9B /* JSQMessagesToolbarContentView.xib */,
				C7D57FB41B3FDAC600377C9B /* JSQMessagesTypingIndicatorFooterView.h */,
				C7D57FB51B3FDAC600377C9B /* JSQMessagesTypingIndicatorFooterView.m */,
				C7D57FB61B3FDAC600377C9B /* JSQMessagesTypingIndicatorFooterView.xib */,
			);
			path = Views;
			sourceTree = "<group>";
		};
		C7D57FE81B3FE1B400377C9B /* Bond */ = {
			isa = PBXGroup;
			children = (
				C7D57FE91B3FE1B400377C9B /* Bond+Arrays.swift */,
				C7D57FEA1B3FE1B400377C9B /* Bond+CALayer.swift */,
				C7D57FEB1B3FE1B400377C9B /* Bond+Foundation.swift */,
				C7D57FEC1B3FE1B400377C9B /* Bond+Functional.swift */,
				C7D57FF51B3FE1B400377C9B /* Bond+Operators.swift */,
				C7D57FF61B3FE1B400377C9B /* Bond+UIActivityIndicatorView.swift */,
				C7D57FF71B3FE1B400377C9B /* Bond+UIBarItem.swift */,
				C7D57FF81B3FE1B400377C9B /* Bond+UIButton.swift */,
				C7D57FF91B3FE1B400377C9B /* Bond+UICollectionView.swift */,
				C7D57FFA1B3FE1B400377C9B /* Bond+UIDatePicker.swift */,
				C7D57FFB1B3FE1B400377C9B /* Bond+UIImageView.swift */,
				C7D57FFC1B3FE1B400377C9B /* Bond+UILabel.swift */,
				C7D57FFD1B3FE1B400377C9B /* Bond+UIProgressView.swift */,
				C7D57FFE1B3FE1B400377C9B /* Bond+UISlider.swift */,
				C7D57FFF1B3FE1B400377C9B /* Bond+UISwitch.swift */,
				C7D580001B3FE1B400377C9B /* Bond+UITableView.swift */,
				C7D580011B3FE1B400377C9B /* Bond+UITextField.swift */,
				C7D580021B3FE1B400377C9B /* Bond+UITextView.swift */,
				C7D580031B3FE1B400377C9B /* Bond+UIView.swift */,
				C7D580041B3FE1B400377C9B /* Bond.h */,
				C7D580051B3FE1B400377C9B /* Bond.swift */,
				C7D580061B3FE1B400377C9B /* Info.plist */,
			);
			path = Bond;
			sourceTree = "<group>";
		};
		C7F9C4681B3F60670029D6AC /* Frameworks */ = {
			isa = PBXGroup;
			children = (
				C7D57FE81B3FE1B400377C9B /* Bond */,
				C7D57F351B3FD8E800377C9B /* JSQMessages */,
				AA3CC9A51B3F54DF004FDE6B /* Bolts.framework */,
				AA3CC9A61B3F54DF004FDE6B /* Parse.framework */,
				AA3CC9A71B3F54DF004FDE6B /* ParseCrashReporting.framework */,
				AA3CC9A81B3F54DF004FDE6B /* ParseFacebookUtils.framework */,
				AA3CC9A91B3F54DF004FDE6B /* ParseFacebookUtilsV4.framework */,
				AA3CC9AA1B3F54DF004FDE6B /* ParseUI.framework */,
				AA3CC9A21B3F54AE004FDE6B /* Accounts.framework */,
				AA3CC9A01B3F54A9004FDE6B /* Social.framework */,
				AA3CC99E1B3F54A0004FDE6B /* libsqlite3.dylib */,
				AA3CC99C1B3F5498004FDE6B /* libz.dylib */,
				AA3CC99A1B3F5493004FDE6B /* SystemConfiguration.framework */,
				AA3CC9961B3F5486004FDE6B /* Security.framework */,
				AA3CC9941B3F5480004FDE6B /* QuartzCore.framework */,
				AA3CC9921B3F547B004FDE6B /* MobileCoreServices.framework */,
				AA3CC9901B3F5475004FDE6B /* CoreLocation.framework */,
				AA3CC98E1B3F546E004FDE6B /* CoreGraphics.framework */,
				AA3CC98C1B3F546A004FDE6B /* CFNetwork.framework */,
				AA3CC98A1B3F5462004FDE6B /* AudioToolbox.framework */,
				C7E4BAFC1B3F1B6E0039718C /* MapKit.framework */,
			);
			name = Frameworks;
			sourceTree = "<group>";
		};
/* End PBXGroup section */

/* Begin PBXNativeTarget section */
		C702FB731B3EE3DB00137B55 /* welcome-guide */ = {
			isa = PBXNativeTarget;
			buildConfigurationList = C702FB931B3EE3DB00137B55 /* Build configuration list for PBXNativeTarget "welcome-guide" */;
			buildPhases = (
				C702FB701B3EE3DB00137B55 /* Sources */,
				C702FB711B3EE3DB00137B55 /* Frameworks */,
				C702FB721B3EE3DB00137B55 /* Resources */,
			);
			buildRules = (
			);
			dependencies = (
			);
			name = "welcome-guide";
			productName = "welcome-guide";
			productReference = C702FB741B3EE3DB00137B55 /* welcome-guide.app */;
			productType = "com.apple.product-type.application";
		};
		C702FB881B3EE3DB00137B55 /* welcome-guideTests */ = {
			isa = PBXNativeTarget;
			buildConfigurationList = C702FB961B3EE3DB00137B55 /* Build configuration list for PBXNativeTarget "welcome-guideTests" */;
			buildPhases = (
				C702FB851B3EE3DB00137B55 /* Sources */,
				C702FB861B3EE3DB00137B55 /* Frameworks */,
				C702FB871B3EE3DB00137B55 /* Resources */,
			);
			buildRules = (
			);
			dependencies = (
				C702FB8B1B3EE3DB00137B55 /* PBXTargetDependency */,
			);
			name = "welcome-guideTests";
			productName = "welcome-guideTests";
			productReference = C702FB891B3EE3DB00137B55 /* welcome-guideTests.xctest */;
			productType = "com.apple.product-type.bundle.unit-test";
		};
/* End PBXNativeTarget section */

/* Begin PBXProject section */
		C702FB6C1B3EE3DB00137B55 /* Project object */ = {
			isa = PBXProject;
			attributes = {
				LastSwiftUpdateCheck = 0700;
				LastUpgradeCheck = 0630;
				ORGANIZATIONNAME = "Philip Heinser";
				TargetAttributes = {
					C702FB731B3EE3DB00137B55 = {
						CreatedOnToolsVersion = 6.3.2;
						DevelopmentTeam = 6BS59SC942;
						SystemCapabilities = {
							com.apple.InAppPurchase = {
								enabled = 0;
							};
						};
					};
					C702FB881B3EE3DB00137B55 = {
						CreatedOnToolsVersion = 6.3.2;
						TestTargetID = C702FB731B3EE3DB00137B55;
					};
				};
			};
			buildConfigurationList = C702FB6F1B3EE3DB00137B55 /* Build configuration list for PBXProject "welcome-guide" */;
			compatibilityVersion = "Xcode 3.2";
			developmentRegion = English;
			hasScannedForEncodings = 0;
			knownRegions = (
				en,
				Base,
			);
			mainGroup = C702FB6B1B3EE3DB00137B55;
			productRefGroup = C702FB751B3EE3DB00137B55 /* Products */;
			projectDirPath = "";
			projectRoot = "";
			targets = (
				C702FB731B3EE3DB00137B55 /* welcome-guide */,
				C702FB881B3EE3DB00137B55 /* welcome-guideTests */,
			);
		};
/* End PBXProject section */

/* Begin PBXResourcesBuildPhase section */
		C702FB721B3EE3DB00137B55 /* Resources */ = {
			isa = PBXResourcesBuildPhase;
			buildActionMask = 2147483647;
			files = (
				C702FB7F1B3EE3DB00137B55 /* Main.storyboard in Resources */,
				C7D57FE11B3FDAC600377C9B /* JSQMessagesTypingIndicatorFooterView.xib in Resources */,
				C7D57FB71B3FDAC600377C9B /* JSQMessagesAssets.bundle in Resources */,
				C702FB841B3EE3DB00137B55 /* LaunchScreen.xib in Resources */,
				C7D57FDC1B3FDAC600377C9B /* JSQMessagesLoadEarlierHeaderView.xib in Resources */,
				C7D57FD71B3FDAC600377C9B /* JSQMessagesCollectionViewCellOutgoing.xib in Resources */,
				C702FB811B3EE3DB00137B55 /* Images.xcassets in Resources */,
				C7D57FC11B3FDAC600377C9B /* JSQMessagesViewController.xib in Resources */,
				C7D580231B3FE1B400377C9B /* Info.plist in Resources */,
				C7D57FD51B3FDAC600377C9B /* JSQMessagesCollectionViewCellIncoming.xib in Resources */,
				C7D57FDF1B3FDAC600377C9B /* JSQMessagesToolbarContentView.xib in Resources */,
			);
			runOnlyForDeploymentPostprocessing = 0;
		};
		C702FB871B3EE3DB00137B55 /* Resources */ = {
			isa = PBXResourcesBuildPhase;
			buildActionMask = 2147483647;
			files = (
			);
			runOnlyForDeploymentPostprocessing = 0;
		};
/* End PBXResourcesBuildPhase section */

/* Begin PBXSourcesBuildPhase section */
		C702FB701B3EE3DB00137B55 /* Sources */ = {
			isa = PBXSourcesBuildPhase;
			buildActionMask = 2147483647;
			files = (
				C7D57FDD1B3FDAC600377C9B /* JSQMessagesMediaPlaceholderView.m in Sources */,
				C7BBD5C81B3F729B00AA4CFC /* ProfileTableViewController.swift in Sources */,
				C702FB7A1B3EE3DB00137B55 /* AppDelegate.swift in Sources */,
				C7D57FD01B3FDAC600377C9B /* JSQVideoMediaItem.m in Sources */,
				C7D580131B3FE1B400377C9B /* Bond+Operators.swift in Sources */,
				C7D5801C1B3FE1B400377C9B /* Bond+UISlider.swift in Sources */,
				C7D5800A1B3FE1B400377C9B /* Bond+Functional.swift in Sources */,
				C7D57FC91B3FDAC600377C9B /* JSQMessagesCollectionViewLayoutAttributes.m in Sources */,
				C7D580091B3FE1B400377C9B /* Bond+Foundation.swift in Sources */,
				C7D57FC01B3FDAC600377C9B /* JSQMessagesViewController.m in Sources */,
				C7D57FE51B3FDAFA00377C9B /* JSQSystemSoundPlayer.m in Sources */,
				C7D57FD11B3FDAC600377C9B /* JSQMessagesCellTextView.m in Sources */,
				C7D57FCB1B3FDAC600377C9B /* JSQMediaItem.m in Sources */,
				C7D57FB81B3FDAC600377C9B /* JSQSystemSoundPlayer+JSQMessages.m in Sources */,
				C7BBD5C21B3F625500AA4CFC /* Request.swift in Sources */,
				C7D57FD81B3FDAC600377C9B /* JSQMessagesComposerTextView.m in Sources */,
				C7D580151B3FE1B400377C9B /* Bond+UIBarItem.swift in Sources */,
				C7D580161B3FE1B400377C9B /* Bond+UIButton.swift in Sources */,
				C7D57FCE1B3FDAC600377C9B /* JSQMessagesBubbleImage.m in Sources */,
				C7D580211B3FE1B400377C9B /* Bond+UIView.swift in Sources */,
				C7D57FE01B3FDAC600377C9B /* JSQMessagesTypingIndicatorFooterView.m in Sources */,
				C7D57FD31B3FDAC600377C9B /* JSQMessagesCollectionViewCell.m in Sources */,
				C7D57FBF1B3FDAC600377C9B /* JSQMessagesKeyboardController.m in Sources */,
				C7BBD5C61B3F6AAC00AA4CFC /* ConversationTableViewController.swift in Sources */,
				C7D57FCC1B3FDAC600377C9B /* JSQMessage.m in Sources */,
				C7D580071B3FE1B400377C9B /* Bond+Arrays.swift in Sources */,
				C7D57FCA1B3FDAC600377C9B /* JSQLocationMediaItem.m in Sources */,
				C7D57FC71B3FDAC600377C9B /* JSQMessagesCollectionViewFlowLayout.m in Sources */,
				C7D57FBA1B3FDAC600377C9B /* NSString+JSQMessages.m in Sources */,
				C7D580201B3FE1B400377C9B /* Bond+UITextView.swift in Sources */,
				C7D57FDE1B3FDAC600377C9B /* JSQMessagesToolbarContentView.m in Sources */,
				66E071A51B3F29FD00DA4810 /* RequestTableViewController.swift in Sources */,
				C7D580141B3FE1B400377C9B /* Bond+UIActivityIndicatorView.swift in Sources */,
				C7D580181B3FE1B400377C9B /* Bond+UIDatePicker.swift in Sources */,
				C7D57FC21B3FDAC600377C9B /* JSQMessagesAvatarImageFactory.m in Sources */,
				C7D57FBE1B3FDAC600377C9B /* UIView+JSQMessages.m in Sources */,
				C7D57FD61B3FDAC600377C9B /* JSQMessagesCollectionViewCellOutgoing.m in Sources */,
				C7D57FBD1B3FDAC600377C9B /* UIImage+JSQMessages.m in Sources */,
				C7D57FC31B3FDAC600377C9B /* JSQMessagesBubbleImageFactory.m in Sources */,
				C7D57FD41B3FDAC600377C9B /* JSQMessagesCollectionViewCellIncoming.m in Sources */,
				C7D5801D1B3FE1B400377C9B /* Bond+UISwitch.swift in Sources */,
				AAE8D1A51B3F64C300CEA43C /* Tour.swift in Sources */,
				C7D57FDB1B3FDAC600377C9B /* JSQMessagesLoadEarlierHeaderView.m in Sources */,
				C7D57FDA1B3FDAC600377C9B /* JSQMessagesLabel.m in Sources */,
				C7D57FCF1B3FDAC600377C9B /* JSQPhotoMediaItem.m in Sources */,
				C7D580081B3FE1B400377C9B /* Bond+CALayer.swift in Sources */,
				C7D580221B3FE1B400377C9B /* Bond.swift in Sources */,
				C7D5801B1B3FE1B400377C9B /* Bond+UIProgressView.swift in Sources */,
				C792F88E1B3EE91000A6316F /* GuideProfilViewController.swift in Sources */,
				C7D5801F1B3FE1B400377C9B /* Bond+UITextField.swift in Sources */,
				C7D57FBB1B3FDAC600377C9B /* UIColor+JSQMessages.m in Sources */,
				C7D580171B3FE1B400377C9B /* Bond+UICollectionView.swift in Sources */,
				C7D57FCD1B3FDAC600377C9B /* JSQMessagesAvatarImage.m in Sources */,
				C7D57FC51B3FDAC600377C9B /* JSQMessagesTimestampFormatter.m in Sources */,
				C7D57FC41B3FDAC600377C9B /* JSQMessagesMediaViewBubbleImageMasker.m in Sources */,
				C7D57FBC1B3FDAC600377C9B /* UIDevice+JSQMessages.m in Sources */,
				C7D5801A1B3FE1B400377C9B /* Bond+UILabel.swift in Sources */,
				C7D57FD91B3FDAC600377C9B /* JSQMessagesInputToolbar.m in Sources */,
				C7D57FC81B3FDAC600377C9B /* JSQMessagesCollectionViewFlowLayoutInvalidationContext.m in Sources */,
				C7D580191B3FE1B400377C9B /* Bond+UIImageView.swift in Sources */,
				C7D57FB91B3FDAC600377C9B /* NSBundle+JSQMessages.m in Sources */,
				C7D57FC61B3FDAC600377C9B /* JSQMessagesToolbarButtonFactory.m in Sources */,
				C7D57FE71B3FDC7A00377C9B /* ChatViewController.swift in Sources */,
				C7D57FD21B3FDAC600377C9B /* JSQMessagesCollectionView.m in Sources */,
				C7D5801E1B3FE1B400377C9B /* Bond+UITableView.swift in Sources */,
			);
			runOnlyForDeploymentPostprocessing = 0;
		};
		C702FB851B3EE3DB00137B55 /* Sources */ = {
			isa = PBXSourcesBuildPhase;
			buildActionMask = 2147483647;
			files = (
				C702FB901B3EE3DB00137B55 /* welcome_guideTests.swift in Sources */,
			);
			runOnlyForDeploymentPostprocessing = 0;
		};
/* End PBXSourcesBuildPhase section */

/* Begin PBXTargetDependency section */
		C702FB8B1B3EE3DB00137B55 /* PBXTargetDependency */ = {
			isa = PBXTargetDependency;
			target = C702FB731B3EE3DB00137B55 /* welcome-guide */;
			targetProxy = C702FB8A1B3EE3DB00137B55 /* PBXContainerItemProxy */;
		};
/* End PBXTargetDependency section */

/* Begin PBXVariantGroup section */
		C702FB7D1B3EE3DB00137B55 /* Main.storyboard */ = {
			isa = PBXVariantGroup;
			children = (
				C702FB7E1B3EE3DB00137B55 /* Base */,
			);
			name = Main.storyboard;
			sourceTree = "<group>";
		};
		C702FB821B3EE3DB00137B55 /* LaunchScreen.xib */ = {
			isa = PBXVariantGroup;
			children = (
				C702FB831B3EE3DB00137B55 /* Base */,
			);
			name = LaunchScreen.xib;
			sourceTree = "<group>";
		};
/* End PBXVariantGroup section */

/* Begin XCBuildConfiguration section */
		C702FB911B3EE3DB00137B55 /* Debug */ = {
			isa = XCBuildConfiguration;
			buildSettings = {
				ALWAYS_SEARCH_USER_PATHS = NO;
				CLANG_CXX_LANGUAGE_STANDARD = "gnu++0x";
				CLANG_CXX_LIBRARY = "libc++";
				CLANG_ENABLE_MODULES = YES;
				CLANG_ENABLE_OBJC_ARC = YES;
				CLANG_WARN_BOOL_CONVERSION = YES;
				CLANG_WARN_CONSTANT_CONVERSION = YES;
				CLANG_WARN_DIRECT_OBJC_ISA_USAGE = YES_ERROR;
				CLANG_WARN_EMPTY_BODY = YES;
				CLANG_WARN_ENUM_CONVERSION = YES;
				CLANG_WARN_INT_CONVERSION = YES;
				CLANG_WARN_OBJC_ROOT_CLASS = YES_ERROR;
				CLANG_WARN_UNREACHABLE_CODE = YES;
				CLANG_WARN__DUPLICATE_METHOD_MATCH = YES;
				"CODE_SIGN_IDENTITY[sdk=iphoneos*]" = "iPhone Developer";
				COPY_PHASE_STRIP = NO;
				DEBUG_INFORMATION_FORMAT = "dwarf-with-dsym";
				ENABLE_STRICT_OBJC_MSGSEND = YES;
				GCC_C_LANGUAGE_STANDARD = gnu99;
				GCC_DYNAMIC_NO_PIC = NO;
				GCC_NO_COMMON_BLOCKS = YES;
				GCC_OPTIMIZATION_LEVEL = 0;
				GCC_PREPROCESSOR_DEFINITIONS = (
					"DEBUG=1",
					"$(inherited)",
				);
				GCC_SYMBOLS_PRIVATE_EXTERN = NO;
				GCC_WARN_64_TO_32_BIT_CONVERSION = YES;
				GCC_WARN_ABOUT_RETURN_TYPE = YES_ERROR;
				GCC_WARN_UNDECLARED_SELECTOR = YES;
				GCC_WARN_UNINITIALIZED_AUTOS = YES_AGGRESSIVE;
				GCC_WARN_UNUSED_FUNCTION = YES;
				GCC_WARN_UNUSED_VARIABLE = YES;
				IPHONEOS_DEPLOYMENT_TARGET = 8.3;
				MTL_ENABLE_DEBUG_INFO = YES;
				ONLY_ACTIVE_ARCH = YES;
				SDKROOT = iphoneos;
				SWIFT_OPTIMIZATION_LEVEL = "-Onone";
				TARGETED_DEVICE_FAMILY = "1,2";
			};
			name = Debug;
		};
		C702FB921B3EE3DB00137B55 /* Release */ = {
			isa = XCBuildConfiguration;
			buildSettings = {
				ALWAYS_SEARCH_USER_PATHS = NO;
				CLANG_CXX_LANGUAGE_STANDARD = "gnu++0x";
				CLANG_CXX_LIBRARY = "libc++";
				CLANG_ENABLE_MODULES = YES;
				CLANG_ENABLE_OBJC_ARC = YES;
				CLANG_WARN_BOOL_CONVERSION = YES;
				CLANG_WARN_CONSTANT_CONVERSION = YES;
				CLANG_WARN_DIRECT_OBJC_ISA_USAGE = YES_ERROR;
				CLANG_WARN_EMPTY_BODY = YES;
				CLANG_WARN_ENUM_CONVERSION = YES;
				CLANG_WARN_INT_CONVERSION = YES;
				CLANG_WARN_OBJC_ROOT_CLASS = YES_ERROR;
				CLANG_WARN_UNREACHABLE_CODE = YES;
				CLANG_WARN__DUPLICATE_METHOD_MATCH = YES;
				"CODE_SIGN_IDENTITY[sdk=iphoneos*]" = "iPhone Developer";
				COPY_PHASE_STRIP = NO;
				DEBUG_INFORMATION_FORMAT = "dwarf-with-dsym";
				ENABLE_NS_ASSERTIONS = NO;
				ENABLE_STRICT_OBJC_MSGSEND = YES;
				GCC_C_LANGUAGE_STANDARD = gnu99;
				GCC_NO_COMMON_BLOCKS = YES;
				GCC_WARN_64_TO_32_BIT_CONVERSION = YES;
				GCC_WARN_ABOUT_RETURN_TYPE = YES_ERROR;
				GCC_WARN_UNDECLARED_SELECTOR = YES;
				GCC_WARN_UNINITIALIZED_AUTOS = YES_AGGRESSIVE;
				GCC_WARN_UNUSED_FUNCTION = YES;
				GCC_WARN_UNUSED_VARIABLE = YES;
				IPHONEOS_DEPLOYMENT_TARGET = 8.3;
				MTL_ENABLE_DEBUG_INFO = NO;
				SDKROOT = iphoneos;
				TARGETED_DEVICE_FAMILY = "1,2";
				VALIDATE_PRODUCT = YES;
			};
			name = Release;
		};
		C702FB941B3EE3DB00137B55 /* Debug */ = {
			isa = XCBuildConfiguration;
			buildSettings = {
				ASSETCATALOG_COMPILER_APPICON_NAME = AppIcon;
				CODE_SIGN_IDENTITY = "iPhone Developer";
				FRAMEWORK_SEARCH_PATHS = (
					"$(inherited)",
					"$(PROJECT_DIR)",
				);
				INFOPLIST_FILE = "welcome-guide/Info.plist";
				LD_RUNPATH_SEARCH_PATHS = "$(inherited) @executable_path/Frameworks";
				PRODUCT_NAME = "$(TARGET_NAME)";
				SWIFT_OBJC_BRIDGING_HEADER = "welcome-guide/welcome-guide-BridgingHeader.h";
			};
			name = Debug;
		};
		C702FB951B3EE3DB00137B55 /* Release */ = {
			isa = XCBuildConfiguration;
			buildSettings = {
				ASSETCATALOG_COMPILER_APPICON_NAME = AppIcon;
				CODE_SIGN_IDENTITY = "iPhone Developer";
				FRAMEWORK_SEARCH_PATHS = (
					"$(inherited)",
					"$(PROJECT_DIR)",
				);
				INFOPLIST_FILE = "welcome-guide/Info.plist";
				LD_RUNPATH_SEARCH_PATHS = "$(inherited) @executable_path/Frameworks";
				PRODUCT_NAME = "$(TARGET_NAME)";
				SWIFT_OBJC_BRIDGING_HEADER = "welcome-guide/welcome-guide-BridgingHeader.h";
			};
			name = Release;
		};
		C702FB971B3EE3DB00137B55 /* Debug */ = {
			isa = XCBuildConfiguration;
			buildSettings = {
				BUNDLE_LOADER = "$(TEST_HOST)";
				FRAMEWORK_SEARCH_PATHS = (
					"$(SDKROOT)/Developer/Library/Frameworks",
					"$(inherited)",
				);
				GCC_PREPROCESSOR_DEFINITIONS = (
					"DEBUG=1",
					"$(inherited)",
				);
				INFOPLIST_FILE = "welcome-guideTests/Info.plist";
				LD_RUNPATH_SEARCH_PATHS = "$(inherited) @executable_path/Frameworks @loader_path/Frameworks";
				PRODUCT_NAME = "$(TARGET_NAME)";
				TEST_HOST = "$(BUILT_PRODUCTS_DIR)/welcome-guide.app/welcome-guide";
			};
			name = Debug;
		};
		C702FB981B3EE3DB00137B55 /* Release */ = {
			isa = XCBuildConfiguration;
			buildSettings = {
				BUNDLE_LOADER = "$(TEST_HOST)";
				FRAMEWORK_SEARCH_PATHS = (
					"$(SDKROOT)/Developer/Library/Frameworks",
					"$(inherited)",
				);
				INFOPLIST_FILE = "welcome-guideTests/Info.plist";
				LD_RUNPATH_SEARCH_PATHS = "$(inherited) @executable_path/Frameworks @loader_path/Frameworks";
				PRODUCT_NAME = "$(TARGET_NAME)";
				TEST_HOST = "$(BUILT_PRODUCTS_DIR)/welcome-guide.app/welcome-guide";
			};
			name = Release;
		};
/* End XCBuildConfiguration section */

/* Begin XCConfigurationList section */
		C702FB6F1B3EE3DB00137B55 /* Build configuration list for PBXProject "welcome-guide" */ = {
			isa = XCConfigurationList;
			buildConfigurations = (
				C702FB911B3EE3DB00137B55 /* Debug */,
				C702FB921B3EE3DB00137B55 /* Release */,
			);
			defaultConfigurationIsVisible = 0;
			defaultConfigurationName = Release;
		};
		C702FB931B3EE3DB00137B55 /* Build configuration list for PBXNativeTarget "welcome-guide" */ = {
			isa = XCConfigurationList;
			buildConfigurations = (
				C702FB941B3EE3DB00137B55 /* Debug */,
				C702FB951B3EE3DB00137B55 /* Release */,
			);
			defaultConfigurationIsVisible = 0;
			defaultConfigurationName = Release;
		};
		C702FB961B3EE3DB00137B55 /* Build configuration list for PBXNativeTarget "welcome-guideTests" */ = {
			isa = XCConfigurationList;
			buildConfigurations = (
				C702FB971B3EE3DB00137B55 /* Debug */,
				C702FB981B3EE3DB00137B55 /* Release */,
			);
			defaultConfigurationIsVisible = 0;
			defaultConfigurationName = Release;
		};
/* End XCConfigurationList section */
	};
	rootObject = C702FB6C1B3EE3DB00137B55 /* Project object */;
}
